
Microsoft Visual Studio Solution File, Format Version 12.00
# Visual Studio 15
VisualStudioVersion = 15.0.26228.10
MinimumVisualStudioVersion = 10.0.40219.1
Project("{FAE04EC0-301F-11D3-BF4B-00C04F79EFBC}") = "SchemaStub", "SchemaStub\SchemaStub.csproj", "{78D3882E-CF41-4775-ADCE-AC8B610CE276}"
EndProject
Project("{2150E333-8FDC-42A3-9474-1A3956D46DE8}") = "uwp", "uwp", "{0CB6E090-CBA2-4D86-A0A2-F8BB7017F5A1}"
EndProject
Project("{8BC9CEB8-8B4A-11D0-8D11-00A0C91BC942}") = "DemoApp.uwp", "uwp\DemoApp\DemoApp.uwp.vcxproj", "{B49E4E8E-98C4-409F-AC75-EF41249B8084}"
	ProjectSection(ProjectDependencies) = postProject
		{78D3882E-CF41-4775-ADCE-AC8B610CE276} = {78D3882E-CF41-4775-ADCE-AC8B610CE276}
	EndProjectSection
EndProject
Project("{FAE04EC0-301F-11D3-BF4B-00C04F79EFBC}") = "DemoAppUI", "uwp\DemoAppUI\DemoAppUI.csproj", "{BB877F61-E6B6-4565-872B-30407346A69F}"
	ProjectSection(ProjectDependencies) = postProject
		{B49E4E8E-98C4-409F-AC75-EF41249B8084} = {B49E4E8E-98C4-409F-AC75-EF41249B8084}
	EndProjectSection
EndProject
Project("{2150E333-8FDC-42A3-9474-1A3956D46DE8}") = "classic", "classic", "{95B964A6-BFD2-4389-9F8B-E56EB85B3B80}"
EndProject
Project("{8BC9CEB8-8B4A-11D0-8D11-00A0C91BC942}") = "DemoApp", "classic\DemoApp\DemoApp.vcxproj", "{AAC2B333-7329-4F74-A292-134014DEDA0D}"
	ProjectSection(ProjectDependencies) = postProject
		{78D3882E-CF41-4775-ADCE-AC8B610CE276} = {78D3882E-CF41-4775-ADCE-AC8B610CE276}
	EndProjectSection
EndProject
Project("{FAE04EC0-301F-11D3-BF4B-00C04F79EFBC}") = "DemoApp.Net", "classic\DemoApp.Net\DemoApp.Net.csproj", "{924DC007-A5FB-4D23-A2F0-BAE5F634F7B1}"
	ProjectSection(ProjectDependencies) = postProject
		{78D3882E-CF41-4775-ADCE-AC8B610CE276} = {78D3882E-CF41-4775-ADCE-AC8B610CE276}
	EndProjectSection
EndProject
Project("{FAE04EC0-301F-11D3-BF4B-00C04F79EFBC}") = "DemoAppUI", "classic\DemoAppUI\DemoAppUI.csproj", "{DFC67274-A958-445E-8EBB-D9DCD48BB846}"
	ProjectSection(ProjectDependencies) = postProject
		{AAC2B333-7329-4F74-A292-134014DEDA0D} = {AAC2B333-7329-4F74-A292-134014DEDA0D}
	EndProjectSection
EndProject
Global
	GlobalSection(SolutionConfigurationPlatforms) = preSolution
		Debug|Any CPU = Debug|Any CPU
		Debug|ARM = Debug|ARM
		Debug|x64 = Debug|x64
		Debug|x86 = Debug|x86
		Release|Any CPU = Release|Any CPU
		Release|ARM = Release|ARM
		Release|x64 = Release|x64
		Release|x86 = Release|x86
	EndGlobalSection
	GlobalSection(ProjectConfigurationPlatforms) = postSolution
		{78D3882E-CF41-4775-ADCE-AC8B610CE276}.Debug|Any CPU.ActiveCfg = Debug|Any CPU
		{78D3882E-CF41-4775-ADCE-AC8B610CE276}.Debug|Any CPU.Build.0 = Debug|Any CPU
		{78D3882E-CF41-4775-ADCE-AC8B610CE276}.Debug|ARM.ActiveCfg = Debug|Any CPU
		{78D3882E-CF41-4775-ADCE-AC8B610CE276}.Debug|ARM.Build.0 = Debug|Any CPU
		{78D3882E-CF41-4775-ADCE-AC8B610CE276}.Debug|x64.ActiveCfg = Debug|Any CPU
		{78D3882E-CF41-4775-ADCE-AC8B610CE276}.Debug|x64.Build.0 = Debug|Any CPU
		{78D3882E-CF41-4775-ADCE-AC8B610CE276}.Debug|x86.ActiveCfg = Debug|Any CPU
		{78D3882E-CF41-4775-ADCE-AC8B610CE276}.Debug|x86.Build.0 = Debug|Any CPU
		{78D3882E-CF41-4775-ADCE-AC8B610CE276}.Release|Any CPU.ActiveCfg = Release|Any CPU
		{78D3882E-CF41-4775-ADCE-AC8B610CE276}.Release|Any CPU.Build.0 = Release|Any CPU
		{78D3882E-CF41-4775-ADCE-AC8B610CE276}.Release|ARM.ActiveCfg = Release|Any CPU
		{78D3882E-CF41-4775-ADCE-AC8B610CE276}.Release|ARM.Build.0 = Release|Any CPU
		{78D3882E-CF41-4775-ADCE-AC8B610CE276}.Release|x64.ActiveCfg = Release|Any CPU
		{78D3882E-CF41-4775-ADCE-AC8B610CE276}.Release|x64.Build.0 = Release|Any CPU
		{78D3882E-CF41-4775-ADCE-AC8B610CE276}.Release|x86.ActiveCfg = Release|Any CPU
		{78D3882E-CF41-4775-ADCE-AC8B610CE276}.Release|x86.Build.0 = Release|Any CPU
		{B49E4E8E-98C4-409F-AC75-EF41249B8084}.Debug|Any CPU.ActiveCfg = Debug|Win32
		{B49E4E8E-98C4-409F-AC75-EF41249B8084}.Debug|ARM.ActiveCfg = Debug|ARM
		{B49E4E8E-98C4-409F-AC75-EF41249B8084}.Debug|ARM.Build.0 = Debug|ARM
		{B49E4E8E-98C4-409F-AC75-EF41249B8084}.Debug|x64.ActiveCfg = Debug|x64
		{B49E4E8E-98C4-409F-AC75-EF41249B8084}.Debug|x64.Build.0 = Debug|x64
		{B49E4E8E-98C4-409F-AC75-EF41249B8084}.Debug|x86.ActiveCfg = Debug|Win32
		{B49E4E8E-98C4-409F-AC75-EF41249B8084}.Debug|x86.Build.0 = Debug|Win32
		{B49E4E8E-98C4-409F-AC75-EF41249B8084}.Release|Any CPU.ActiveCfg = Release|Win32
		{B49E4E8E-98C4-409F-AC75-EF41249B8084}.Release|ARM.ActiveCfg = Release|ARM
		{B49E4E8E-98C4-409F-AC75-EF41249B8084}.Release|ARM.Build.0 = Release|ARM
		{B49E4E8E-98C4-409F-AC75-EF41249B8084}.Release|x64.ActiveCfg = Release|x64
		{B49E4E8E-98C4-409F-AC75-EF41249B8084}.Release|x64.Build.0 = Release|x64
		{B49E4E8E-98C4-409F-AC75-EF41249B8084}.Release|x86.ActiveCfg = Release|Win32
		{B49E4E8E-98C4-409F-AC75-EF41249B8084}.Release|x86.Build.0 = Release|Win32
		{BB877F61-E6B6-4565-872B-30407346A69F}.Debug|Any CPU.ActiveCfg = Debug|x86
		{BB877F61-E6B6-4565-872B-30407346A69F}.Debug|ARM.ActiveCfg = Debug|ARM
		{BB877F61-E6B6-4565-872B-30407346A69F}.Debug|ARM.Build.0 = Debug|ARM
		{BB877F61-E6B6-4565-872B-30407346A69F}.Debug|ARM.Deploy.0 = Debug|ARM
		{BB877F61-E6B6-4565-872B-30407346A69F}.Debug|x64.ActiveCfg = Debug|x64
		{BB877F61-E6B6-4565-872B-30407346A69F}.Debug|x64.Build.0 = Debug|x64
		{BB877F61-E6B6-4565-872B-30407346A69F}.Debug|x64.Deploy.0 = Debug|x64
		{BB877F61-E6B6-4565-872B-30407346A69F}.Debug|x86.ActiveCfg = Debug|x86
		{BB877F61-E6B6-4565-872B-30407346A69F}.Debug|x86.Build.0 = Debug|x86
		{BB877F61-E6B6-4565-872B-30407346A69F}.Debug|x86.Deploy.0 = Debug|x86
		{BB877F61-E6B6-4565-872B-30407346A69F}.Release|Any CPU.ActiveCfg = Release|x86
		{BB877F61-E6B6-4565-872B-30407346A69F}.Release|ARM.ActiveCfg = Release|ARM
		{BB877F61-E6B6-4565-872B-30407346A69F}.Release|ARM.Build.0 = Release|ARM
		{BB877F61-E6B6-4565-872B-30407346A69F}.Release|ARM.Deploy.0 = Release|ARM
		{BB877F61-E6B6-4565-872B-30407346A69F}.Release|x64.ActiveCfg = Release|x64
		{BB877F61-E6B6-4565-872B-30407346A69F}.Release|x64.Build.0 = Release|x64
		{BB877F61-E6B6-4565-872B-30407346A69F}.Release|x64.Deploy.0 = Release|x64
		{BB877F61-E6B6-4565-872B-30407346A69F}.Release|x86.ActiveCfg = Release|x86
		{BB877F61-E6B6-4565-872B-30407346A69F}.Release|x86.Build.0 = Release|x86
		{BB877F61-E6B6-4565-872B-30407346A69F}.Release|x86.Deploy.0 = Release|x86
		{AAC2B333-7329-4F74-A292-134014DEDA0D}.Debug|Any CPU.ActiveCfg = Debug|Win32
		{AAC2B333-7329-4F74-A292-134014DEDA0D}.Debug|ARM.ActiveCfg = Debug|ARM
		{AAC2B333-7329-4F74-A292-134014DEDA0D}.Debug|ARM.Build.0 = Debug|ARM
		{AAC2B333-7329-4F74-A292-134014DEDA0D}.Debug|x64.ActiveCfg = Debug|x64
		{AAC2B333-7329-4F74-A292-134014DEDA0D}.Debug|x64.Build.0 = Debug|x64
		{AAC2B333-7329-4F74-A292-134014DEDA0D}.Debug|x86.ActiveCfg = Debug|Win32
		{AAC2B333-7329-4F74-A292-134014DEDA0D}.Debug|x86.Build.0 = Debug|Win32
		{AAC2B333-7329-4F74-A292-134014DEDA0D}.Release|Any CPU.ActiveCfg = Release|Win32
		{AAC2B333-7329-4F74-A292-134014DEDA0D}.Release|ARM.ActiveCfg = Release|ARM
		{AAC2B333-7329-4F74-A292-134014DEDA0D}.Release|ARM.Build.0 = Release|ARM
		{AAC2B333-7329-4F74-A292-134014DEDA0D}.Release|x64.ActiveCfg = Release|x64
		{AAC2B333-7329-4F74-A292-134014DEDA0D}.Release|x64.Build.0 = Release|x64
		{AAC2B333-7329-4F74-A292-134014DEDA0D}.Release|x86.ActiveCfg = Release|Win32
		{AAC2B333-7329-4F74-A292-134014DEDA0D}.Release|x86.Build.0 = Release|Win32
		{924DC007-A5FB-4D23-A2F0-BAE5F634F7B1}.Debug|Any CPU.ActiveCfg = Debug|x86
		{924DC007-A5FB-4D23-A2F0-BAE5F634F7B1}.Debug|ARM.ActiveCfg = Debug|x86
		{924DC007-A5FB-4D23-A2F0-BAE5F634F7B1}.Debug|x64.ActiveCfg = Debug|x86
		{924DC007-A5FB-4D23-A2F0-BAE5F634F7B1}.Debug|x86.ActiveCfg = Debug|x86
		{924DC007-A5FB-4D23-A2F0-BAE5F634F7B1}.Debug|x86.Build.0 = Debug|x86
		{924DC007-A5FB-4D23-A2F0-BAE5F634F7B1}.Release|Any CPU.ActiveCfg = Release|x86
		{924DC007-A5FB-4D23-A2F0-BAE5F634F7B1}.Release|ARM.ActiveCfg = Release|x86
		{924DC007-A5FB-4D23-A2F0-BAE5F634F7B1}.Release|x64.ActiveCfg = Release|x86
		{924DC007-A5FB-4D23-A2F0-BAE5F634F7B1}.Release|x86.ActiveCfg = Release|x86
		{924DC007-A5FB-4D23-A2F0-BAE5F634F7B1}.Release|x86.Build.0 = Release|x86
		{DFC67274-A958-445E-8EBB-D9DCD48BB846}.Debug|Any CPU.ActiveCfg = Debug|x86
		{DFC67274-A958-445E-8EBB-D9DCD48BB846}.Debug|ARM.ActiveCfg = Debug|x86
		{DFC67274-A958-445E-8EBB-D9DCD48BB846}.Debug|x64.ActiveCfg = Debug|x86
		{DFC67274-A958-445E-8EBB-D9DCD48BB846}.Debug|x86.ActiveCfg = Debug|x86
		{DFC67274-A958-445E-8EBB-D9DCD48BB846}.Debug|x86.Build.0 = Debug|x86
		{DFC67274-A958-445E-8EBB-D9DCD48BB846}.Release|Any CPU.ActiveCfg = Release|x86
		{DFC67274-A958-445E-8EBB-D9DCD48BB846}.Release|ARM.ActiveCfg = Release|x86
		{DFC67274-A958-445E-8EBB-D9DCD48BB846}.Release|x64.ActiveCfg = Release|x86
		{DFC67274-A958-445E-8EBB-D9DCD48BB846}.Release|x86.ActiveCfg = Release|x86
		{DFC67274-A958-445E-8EBB-D9DCD48BB846}.Release|x86.Build.0 = Release|x86
	EndGlobalSection
	GlobalSection(SolutionProperties) = preSolution
		HideSolutionNode = FALSE
	EndGlobalSection
	GlobalSection(NestedProjects) = preSolution
		{B49E4E8E-98C4-409F-AC75-EF41249B8084} = {0CB6E090-CBA2-4D86-A0A2-F8BB7017F5A1}
		{BB877F61-E6B6-4565-872B-30407346A69F} = {0CB6E090-CBA2-4D86-A0A2-F8BB7017F5A1}
		{AAC2B333-7329-4F74-A292-134014DEDA0D} = {95B964A6-BFD2-4389-9F8B-E56EB85B3B80}
		{924DC007-A5FB-4D23-A2F0-BAE5F634F7B1} = {95B964A6-BFD2-4389-9F8B-E56EB85B3B80}
		{DFC67274-A958-445E-8EBB-D9DCD48BB846} = {95B964A6-BFD2-4389-9F8B-E56EB85B3B80}
	EndGlobalSection
EndGlobal
