
Microsoft Visual Studio Solution File, Format Version 12.00
# Visual Studio 14
VisualStudioVersion = 14.0.25115.1
MinimumVisualStudioVersion = 10.0.40219.1
Project("{FAE04EC0-301F-11D3-BF4B-00C04F79EFBC}") = "SchemaStub", "SchemaStub\SchemaStub.csproj", "{27700B10-B08B-43F7-A545-59B39F86CD7E}"
EndProject
Project("{FAE04EC0-301F-11D3-BF4B-00C04F79EFBC}") = "Microsoft.PropertyModel.Net.Test", "csharp\Microsoft.PropertyModel.Net.Test\Microsoft.PropertyModel.Net.Test.csproj", "{6577EADD-4179-4037-A55A-327B577C95E4}"
	ProjectSection(ProjectDependencies) = postProject
		{B4087130-A43C-48C0-A4BB-CB7A60244AC4} = {B4087130-A43C-48C0-A4BB-CB7A60244AC4}
	EndProjectSection
EndProject
Project("{2150E333-8FDC-42A3-9474-1A3956D46DE8}") = "classic", "classic", "{9533A061-BA5D-4D21-9F96-5FE8CA6FE4FD}"
EndProject
Project("{8BC9CEB8-8B4A-11D0-8D11-00A0C91BC942}") = "TestModel.dll", "classic\TestModel.dll\TestModel.dll.vcxproj", "{B4087130-A43C-48C0-A4BB-CB7A60244AC4}"
	ProjectSection(ProjectDependencies) = postProject
		{27700B10-B08B-43F7-A545-59B39F86CD7E} = {27700B10-B08B-43F7-A545-59B39F86CD7E}
	EndProjectSection
EndProject
Project("{2150E333-8FDC-42A3-9474-1A3956D46DE8}") = "uwp", "uwp", "{C066F8D9-66C9-48F3-BE25-8CAF3B417950}"
EndProject
Project("{FAE04EC0-301F-11D3-BF4B-00C04F79EFBC}") = "Microsoft.PropertyModel.Test", "uwp\Microsoft.PropertyModel.Test\Microsoft.PropertyModel.Test.csproj", "{1DF5389C-76CA-4039-94F3-00FBA2604269}"
	ProjectSection(ProjectDependencies) = postProject
		{9CA5B867-2695-4613-90DE-1870258B1D2E} = {9CA5B867-2695-4613-90DE-1870258B1D2E}
	EndProjectSection
EndProject
Project("{8BC9CEB8-8B4A-11D0-8D11-00A0C91BC942}") = "TestModel_uwp.dll", "uwp\TestModel.dll\TesModel_uwp.dll.vcxproj", "{9CA5B867-2695-4613-90DE-1870258B1D2E}"
	ProjectSection(ProjectDependencies) = postProject
		{27700B10-B08B-43F7-A545-59B39F86CD7E} = {27700B10-B08B-43F7-A545-59B39F86CD7E}
	EndProjectSection
EndProject
Project("{8BC9CEB8-8B4A-11D0-8D11-00A0C91BC942}") = "LibraryUnitTest.exe", "classic\LibraryUnitTest.exe\LibraryUnitTest.exe.vcxproj", "{364F6532-DDBA-4E4F-A84F-FF555F5AF876}"
EndProject
Project("{8BC9CEB8-8B4A-11D0-8D11-00A0C91BC942}") = "UnitTest.exe", "classic\UnitTest.exe\UnitTest.exe.vcxproj", "{9B7E85F8-182B-45D7-90E7-9CEEC3833D8F}"
	ProjectSection(ProjectDependencies) = postProject
		{27700B10-B08B-43F7-A545-59B39F86CD7E} = {27700B10-B08B-43F7-A545-59B39F86CD7E}
	EndProjectSection
EndProject
Project("{FAE04EC0-301F-11D3-BF4B-00C04F79EFBC}") = "Microsoft.PropertyModel.Proxy.Test", "uwp\Microsoft.PropertyModel.Proxy.Test\Microsoft.PropertyModel.Proxy.Test.csproj", "{14D1411E-1E86-424D-BFA4-FE44C7F89FE0}"
	ProjectSection(ProjectDependencies) = postProject
		{9CA5B867-2695-4613-90DE-1870258B1D2E} = {9CA5B867-2695-4613-90DE-1870258B1D2E}
	EndProjectSection
EndProject
Project("{8BC9CEB8-8B4A-11D0-8D11-00A0C91BC942}") = "TestModelLib.dll", "classic\TestModelLib.dll\TestModelLib.dll.vcxproj", "{A01A5F41-33E4-4B46-A612-03179FDC90E0}"
EndProject
Global
	GlobalSection(SolutionConfigurationPlatforms) = preSolution
		Debug Static|Any CPU = Debug Static|Any CPU
		Debug Static|ARM = Debug Static|ARM
		Debug Static|x64 = Debug Static|x64
		Debug Static|x86 = Debug Static|x86
		Debug|Any CPU = Debug|Any CPU
		Debug|ARM = Debug|ARM
		Debug|x64 = Debug|x64
		Debug|x86 = Debug|x86
		Release Static|Any CPU = Release Static|Any CPU
		Release Static|ARM = Release Static|ARM
		Release Static|x64 = Release Static|x64
		Release Static|x86 = Release Static|x86
		Release|Any CPU = Release|Any CPU
		Release|ARM = Release|ARM
		Release|x64 = Release|x64
		Release|x86 = Release|x86
	EndGlobalSection
	GlobalSection(ProjectConfigurationPlatforms) = postSolution
		{27700B10-B08B-43F7-A545-59B39F86CD7E}.Debug Static|Any CPU.ActiveCfg = Debug|Any CPU
		{27700B10-B08B-43F7-A545-59B39F86CD7E}.Debug Static|Any CPU.Build.0 = Debug|Any CPU
		{27700B10-B08B-43F7-A545-59B39F86CD7E}.Debug Static|ARM.ActiveCfg = Debug|Any CPU
		{27700B10-B08B-43F7-A545-59B39F86CD7E}.Debug Static|ARM.Build.0 = Debug|Any CPU
		{27700B10-B08B-43F7-A545-59B39F86CD7E}.Debug Static|x64.ActiveCfg = Debug|Any CPU
		{27700B10-B08B-43F7-A545-59B39F86CD7E}.Debug Static|x64.Build.0 = Debug|Any CPU
		{27700B10-B08B-43F7-A545-59B39F86CD7E}.Debug Static|x86.ActiveCfg = Debug|Any CPU
		{27700B10-B08B-43F7-A545-59B39F86CD7E}.Debug Static|x86.Build.0 = Debug|Any CPU
		{27700B10-B08B-43F7-A545-59B39F86CD7E}.Debug|Any CPU.ActiveCfg = Debug|Any CPU
		{27700B10-B08B-43F7-A545-59B39F86CD7E}.Debug|Any CPU.Build.0 = Debug|Any CPU
		{27700B10-B08B-43F7-A545-59B39F86CD7E}.Debug|ARM.ActiveCfg = Debug|Any CPU
		{27700B10-B08B-43F7-A545-59B39F86CD7E}.Debug|ARM.Build.0 = Debug|Any CPU
		{27700B10-B08B-43F7-A545-59B39F86CD7E}.Debug|x64.ActiveCfg = Debug|Any CPU
		{27700B10-B08B-43F7-A545-59B39F86CD7E}.Debug|x64.Build.0 = Debug|Any CPU
		{27700B10-B08B-43F7-A545-59B39F86CD7E}.Debug|x86.ActiveCfg = Debug|Any CPU
		{27700B10-B08B-43F7-A545-59B39F86CD7E}.Debug|x86.Build.0 = Debug|Any CPU
		{27700B10-B08B-43F7-A545-59B39F86CD7E}.Release Static|Any CPU.ActiveCfg = Debug|Any CPU
		{27700B10-B08B-43F7-A545-59B39F86CD7E}.Release Static|Any CPU.Build.0 = Debug|Any CPU
		{27700B10-B08B-43F7-A545-59B39F86CD7E}.Release Static|ARM.ActiveCfg = Debug|Any CPU
		{27700B10-B08B-43F7-A545-59B39F86CD7E}.Release Static|ARM.Build.0 = Debug|Any CPU
		{27700B10-B08B-43F7-A545-59B39F86CD7E}.Release Static|x64.ActiveCfg = Debug|Any CPU
		{27700B10-B08B-43F7-A545-59B39F86CD7E}.Release Static|x64.Build.0 = Debug|Any CPU
		{27700B10-B08B-43F7-A545-59B39F86CD7E}.Release Static|x86.ActiveCfg = Debug|Any CPU
		{27700B10-B08B-43F7-A545-59B39F86CD7E}.Release Static|x86.Build.0 = Debug|Any CPU
		{27700B10-B08B-43F7-A545-59B39F86CD7E}.Release|Any CPU.ActiveCfg = Release|Any CPU
		{27700B10-B08B-43F7-A545-59B39F86CD7E}.Release|Any CPU.Build.0 = Release|Any CPU
		{27700B10-B08B-43F7-A545-59B39F86CD7E}.Release|ARM.ActiveCfg = Release|Any CPU
		{27700B10-B08B-43F7-A545-59B39F86CD7E}.Release|ARM.Build.0 = Release|Any CPU
		{27700B10-B08B-43F7-A545-59B39F86CD7E}.Release|x64.ActiveCfg = Release|Any CPU
		{27700B10-B08B-43F7-A545-59B39F86CD7E}.Release|x64.Build.0 = Release|Any CPU
		{27700B10-B08B-43F7-A545-59B39F86CD7E}.Release|x86.ActiveCfg = Release|Any CPU
		{27700B10-B08B-43F7-A545-59B39F86CD7E}.Release|x86.Build.0 = Release|Any CPU
		{6577EADD-4179-4037-A55A-327B577C95E4}.Debug Static|Any CPU.ActiveCfg = Debug|x64
		{6577EADD-4179-4037-A55A-327B577C95E4}.Debug Static|Any CPU.Build.0 = Debug|x64
		{6577EADD-4179-4037-A55A-327B577C95E4}.Debug Static|ARM.ActiveCfg = Debug|x64
		{6577EADD-4179-4037-A55A-327B577C95E4}.Debug Static|ARM.Build.0 = Debug|x64
		{6577EADD-4179-4037-A55A-327B577C95E4}.Debug Static|x64.ActiveCfg = Debug|x64
		{6577EADD-4179-4037-A55A-327B577C95E4}.Debug Static|x64.Build.0 = Debug|x64
		{6577EADD-4179-4037-A55A-327B577C95E4}.Debug Static|x86.ActiveCfg = Debug|x86
		{6577EADD-4179-4037-A55A-327B577C95E4}.Debug|Any CPU.ActiveCfg = Debug|x86
		{6577EADD-4179-4037-A55A-327B577C95E4}.Debug|ARM.ActiveCfg = Debug|x86
		{6577EADD-4179-4037-A55A-327B577C95E4}.Debug|x64.ActiveCfg = Debug|x64
		{6577EADD-4179-4037-A55A-327B577C95E4}.Debug|x64.Build.0 = Debug|x64
		{6577EADD-4179-4037-A55A-327B577C95E4}.Debug|x86.ActiveCfg = Debug|x86
		{6577EADD-4179-4037-A55A-327B577C95E4}.Debug|x86.Build.0 = Debug|x86
		{6577EADD-4179-4037-A55A-327B577C95E4}.Release Static|Any CPU.ActiveCfg = Debug|x64
		{6577EADD-4179-4037-A55A-327B577C95E4}.Release Static|Any CPU.Build.0 = Debug|x64
		{6577EADD-4179-4037-A55A-327B577C95E4}.Release Static|ARM.ActiveCfg = Debug|x64
		{6577EADD-4179-4037-A55A-327B577C95E4}.Release Static|ARM.Build.0 = Debug|x64
		{6577EADD-4179-4037-A55A-327B577C95E4}.Release Static|x64.ActiveCfg = Debug|x64
		{6577EADD-4179-4037-A55A-327B577C95E4}.Release Static|x64.Build.0 = Debug|x64
		{6577EADD-4179-4037-A55A-327B577C95E4}.Release Static|x86.ActiveCfg = Debug|x86
		{6577EADD-4179-4037-A55A-327B577C95E4}.Release|Any CPU.ActiveCfg = Debug|x64
		{6577EADD-4179-4037-A55A-327B577C95E4}.Release|Any CPU.Build.0 = Debug|x64
		{6577EADD-4179-4037-A55A-327B577C95E4}.Release|ARM.ActiveCfg = Debug|x64
		{6577EADD-4179-4037-A55A-327B577C95E4}.Release|ARM.Build.0 = Debug|x64
		{6577EADD-4179-4037-A55A-327B577C95E4}.Release|x64.ActiveCfg = Debug|x64
		{6577EADD-4179-4037-A55A-327B577C95E4}.Release|x64.Build.0 = Debug|x64
		{6577EADD-4179-4037-A55A-327B577C95E4}.Release|x86.ActiveCfg = Debug|x86
		{6577EADD-4179-4037-A55A-327B577C95E4}.Release|x86.Build.0 = Debug|x86
		{B4087130-A43C-48C0-A4BB-CB7A60244AC4}.Debug Static|Any CPU.ActiveCfg = Release|x64
		{B4087130-A43C-48C0-A4BB-CB7A60244AC4}.Debug Static|Any CPU.Build.0 = Release|x64
		{B4087130-A43C-48C0-A4BB-CB7A60244AC4}.Debug Static|ARM.ActiveCfg = Release|x64
		{B4087130-A43C-48C0-A4BB-CB7A60244AC4}.Debug Static|ARM.Build.0 = Release|x64
		{B4087130-A43C-48C0-A4BB-CB7A60244AC4}.Debug Static|x64.ActiveCfg = Debug|x64
		{B4087130-A43C-48C0-A4BB-CB7A60244AC4}.Debug Static|x64.Build.0 = Debug|x64
		{B4087130-A43C-48C0-A4BB-CB7A60244AC4}.Debug Static|x86.ActiveCfg = Debug|Win32
		{B4087130-A43C-48C0-A4BB-CB7A60244AC4}.Debug Static|x86.Build.0 = Debug|Win32
		{B4087130-A43C-48C0-A4BB-CB7A60244AC4}.Debug|Any CPU.ActiveCfg = Debug|Win32
		{B4087130-A43C-48C0-A4BB-CB7A60244AC4}.Debug|ARM.ActiveCfg = Debug|Win32
		{B4087130-A43C-48C0-A4BB-CB7A60244AC4}.Debug|x64.ActiveCfg = Debug|x64
		{B4087130-A43C-48C0-A4BB-CB7A60244AC4}.Debug|x64.Build.0 = Debug|x64
		{B4087130-A43C-48C0-A4BB-CB7A60244AC4}.Debug|x86.ActiveCfg = Debug|Win32
		{B4087130-A43C-48C0-A4BB-CB7A60244AC4}.Debug|x86.Build.0 = Debug|Win32
		{B4087130-A43C-48C0-A4BB-CB7A60244AC4}.Release Static|Any CPU.ActiveCfg = Release|x64
		{B4087130-A43C-48C0-A4BB-CB7A60244AC4}.Release Static|Any CPU.Build.0 = Release|x64
		{B4087130-A43C-48C0-A4BB-CB7A60244AC4}.Release Static|ARM.ActiveCfg = Release|x64
		{B4087130-A43C-48C0-A4BB-CB7A60244AC4}.Release Static|ARM.Build.0 = Release|x64
		{B4087130-A43C-48C0-A4BB-CB7A60244AC4}.Release Static|x64.ActiveCfg = Debug|x64
		{B4087130-A43C-48C0-A4BB-CB7A60244AC4}.Release Static|x64.Build.0 = Debug|x64
		{B4087130-A43C-48C0-A4BB-CB7A60244AC4}.Release Static|x86.ActiveCfg = Release|Win32
		{B4087130-A43C-48C0-A4BB-CB7A60244AC4}.Release|Any CPU.ActiveCfg = Release|Win32
		{B4087130-A43C-48C0-A4BB-CB7A60244AC4}.Release|ARM.ActiveCfg = Release|Win32
		{B4087130-A43C-48C0-A4BB-CB7A60244AC4}.Release|x64.ActiveCfg = Release|x64
		{B4087130-A43C-48C0-A4BB-CB7A60244AC4}.Release|x64.Build.0 = Release|x64
		{B4087130-A43C-48C0-A4BB-CB7A60244AC4}.Release|x86.ActiveCfg = Release|Win32
		{B4087130-A43C-48C0-A4BB-CB7A60244AC4}.Release|x86.Build.0 = Release|Win32
		{1DF5389C-76CA-4039-94F3-00FBA2604269}.Debug Static|Any CPU.ActiveCfg = Release|x64
		{1DF5389C-76CA-4039-94F3-00FBA2604269}.Debug Static|Any CPU.Build.0 = Release|x64
		{1DF5389C-76CA-4039-94F3-00FBA2604269}.Debug Static|Any CPU.Deploy.0 = Release|x64
		{1DF5389C-76CA-4039-94F3-00FBA2604269}.Debug Static|ARM.ActiveCfg = Debug|ARM
		{1DF5389C-76CA-4039-94F3-00FBA2604269}.Debug Static|ARM.Build.0 = Debug|ARM
		{1DF5389C-76CA-4039-94F3-00FBA2604269}.Debug Static|ARM.Deploy.0 = Debug|ARM
		{1DF5389C-76CA-4039-94F3-00FBA2604269}.Debug Static|x64.ActiveCfg = Debug|x64
		{1DF5389C-76CA-4039-94F3-00FBA2604269}.Debug Static|x64.Build.0 = Debug|x64
		{1DF5389C-76CA-4039-94F3-00FBA2604269}.Debug Static|x64.Deploy.0 = Debug|x64
		{1DF5389C-76CA-4039-94F3-00FBA2604269}.Debug Static|x86.ActiveCfg = Debug|x86
		{1DF5389C-76CA-4039-94F3-00FBA2604269}.Debug Static|x86.Deploy.0 = Debug|x86
		{1DF5389C-76CA-4039-94F3-00FBA2604269}.Debug|Any CPU.ActiveCfg = Debug|x86
		{1DF5389C-76CA-4039-94F3-00FBA2604269}.Debug|ARM.ActiveCfg = Debug|ARM
		{1DF5389C-76CA-4039-94F3-00FBA2604269}.Debug|ARM.Build.0 = Debug|ARM
		{1DF5389C-76CA-4039-94F3-00FBA2604269}.Debug|ARM.Deploy.0 = Debug|ARM
		{1DF5389C-76CA-4039-94F3-00FBA2604269}.Debug|x64.ActiveCfg = Debug|x64
		{1DF5389C-76CA-4039-94F3-00FBA2604269}.Debug|x64.Build.0 = Debug|x64
		{1DF5389C-76CA-4039-94F3-00FBA2604269}.Debug|x64.Deploy.0 = Debug|x64
		{1DF5389C-76CA-4039-94F3-00FBA2604269}.Debug|x86.ActiveCfg = Debug|x86
		{1DF5389C-76CA-4039-94F3-00FBA2604269}.Debug|x86.Build.0 = Debug|x86
		{1DF5389C-76CA-4039-94F3-00FBA2604269}.Debug|x86.Deploy.0 = Debug|x86
		{1DF5389C-76CA-4039-94F3-00FBA2604269}.Release Static|Any CPU.ActiveCfg = Release|x64
		{1DF5389C-76CA-4039-94F3-00FBA2604269}.Release Static|Any CPU.Build.0 = Release|x64
		{1DF5389C-76CA-4039-94F3-00FBA2604269}.Release Static|Any CPU.Deploy.0 = Release|x64
		{1DF5389C-76CA-4039-94F3-00FBA2604269}.Release Static|ARM.ActiveCfg = Debug|ARM
		{1DF5389C-76CA-4039-94F3-00FBA2604269}.Release Static|ARM.Build.0 = Debug|ARM
		{1DF5389C-76CA-4039-94F3-00FBA2604269}.Release Static|ARM.Deploy.0 = Debug|ARM
		{1DF5389C-76CA-4039-94F3-00FBA2604269}.Release Static|x64.ActiveCfg = Debug|x64
		{1DF5389C-76CA-4039-94F3-00FBA2604269}.Release Static|x64.Build.0 = Debug|x64
		{1DF5389C-76CA-4039-94F3-00FBA2604269}.Release Static|x64.Deploy.0 = Debug|x64
		{1DF5389C-76CA-4039-94F3-00FBA2604269}.Release Static|x86.ActiveCfg = Debug|x86
		{1DF5389C-76CA-4039-94F3-00FBA2604269}.Release Static|x86.Deploy.0 = Debug|x86
		{1DF5389C-76CA-4039-94F3-00FBA2604269}.Release|Any CPU.ActiveCfg = Release|x86
		{1DF5389C-76CA-4039-94F3-00FBA2604269}.Release|ARM.ActiveCfg = Release|ARM
		{1DF5389C-76CA-4039-94F3-00FBA2604269}.Release|ARM.Build.0 = Release|ARM
		{1DF5389C-76CA-4039-94F3-00FBA2604269}.Release|ARM.Deploy.0 = Release|ARM
		{1DF5389C-76CA-4039-94F3-00FBA2604269}.Release|x64.ActiveCfg = Release|x64
		{1DF5389C-76CA-4039-94F3-00FBA2604269}.Release|x64.Build.0 = Release|x64
		{1DF5389C-76CA-4039-94F3-00FBA2604269}.Release|x64.Deploy.0 = Release|x64
		{1DF5389C-76CA-4039-94F3-00FBA2604269}.Release|x86.ActiveCfg = Release|x86
		{1DF5389C-76CA-4039-94F3-00FBA2604269}.Release|x86.Build.0 = Release|x86
		{1DF5389C-76CA-4039-94F3-00FBA2604269}.Release|x86.Deploy.0 = Release|x86
		{9CA5B867-2695-4613-90DE-1870258B1D2E}.Debug Static|Any CPU.ActiveCfg = Release|x64
		{9CA5B867-2695-4613-90DE-1870258B1D2E}.Debug Static|Any CPU.Build.0 = Release|x64
		{9CA5B867-2695-4613-90DE-1870258B1D2E}.Debug Static|ARM.ActiveCfg = Debug|ARM
		{9CA5B867-2695-4613-90DE-1870258B1D2E}.Debug Static|ARM.Build.0 = Debug|ARM
		{9CA5B867-2695-4613-90DE-1870258B1D2E}.Debug Static|x64.ActiveCfg = Debug|x64
		{9CA5B867-2695-4613-90DE-1870258B1D2E}.Debug Static|x64.Build.0 = Debug|x64
		{9CA5B867-2695-4613-90DE-1870258B1D2E}.Debug Static|x86.ActiveCfg = Debug|Win32
		{9CA5B867-2695-4613-90DE-1870258B1D2E}.Debug|Any CPU.ActiveCfg = Debug|Win32
		{9CA5B867-2695-4613-90DE-1870258B1D2E}.Debug|ARM.ActiveCfg = Debug|ARM
		{9CA5B867-2695-4613-90DE-1870258B1D2E}.Debug|ARM.Build.0 = Debug|ARM
		{9CA5B867-2695-4613-90DE-1870258B1D2E}.Debug|x64.ActiveCfg = Debug|x64
		{9CA5B867-2695-4613-90DE-1870258B1D2E}.Debug|x64.Build.0 = Debug|x64
		{9CA5B867-2695-4613-90DE-1870258B1D2E}.Debug|x86.ActiveCfg = Debug|Win32
		{9CA5B867-2695-4613-90DE-1870258B1D2E}.Debug|x86.Build.0 = Debug|Win32
		{9CA5B867-2695-4613-90DE-1870258B1D2E}.Release Static|Any CPU.ActiveCfg = Release|x64
		{9CA5B867-2695-4613-90DE-1870258B1D2E}.Release Static|Any CPU.Build.0 = Release|x64
		{9CA5B867-2695-4613-90DE-1870258B1D2E}.Release Static|ARM.ActiveCfg = Debug|ARM
		{9CA5B867-2695-4613-90DE-1870258B1D2E}.Release Static|ARM.Build.0 = Debug|ARM
		{9CA5B867-2695-4613-90DE-1870258B1D2E}.Release Static|x64.ActiveCfg = Debug|x64
		{9CA5B867-2695-4613-90DE-1870258B1D2E}.Release Static|x64.Build.0 = Debug|x64
		{9CA5B867-2695-4613-90DE-1870258B1D2E}.Release Static|x86.ActiveCfg = Debug|Win32
		{9CA5B867-2695-4613-90DE-1870258B1D2E}.Release|Any CPU.ActiveCfg = Release|Win32
		{9CA5B867-2695-4613-90DE-1870258B1D2E}.Release|ARM.ActiveCfg = Release|ARM
		{9CA5B867-2695-4613-90DE-1870258B1D2E}.Release|ARM.Build.0 = Release|ARM
		{9CA5B867-2695-4613-90DE-1870258B1D2E}.Release|x64.ActiveCfg = Release|x64
		{9CA5B867-2695-4613-90DE-1870258B1D2E}.Release|x64.Build.0 = Release|x64
		{9CA5B867-2695-4613-90DE-1870258B1D2E}.Release|x86.ActiveCfg = Release|Win32
		{9CA5B867-2695-4613-90DE-1870258B1D2E}.Release|x86.Build.0 = Release|Win32
		{364F6532-DDBA-4E4F-A84F-FF555F5AF876}.Debug Static|Any CPU.ActiveCfg = Debug Static|Win32
		{364F6532-DDBA-4E4F-A84F-FF555F5AF876}.Debug Static|ARM.ActiveCfg = Debug Static|Win32
		{364F6532-DDBA-4E4F-A84F-FF555F5AF876}.Debug Static|x64.ActiveCfg = Debug Static|x64
		{364F6532-DDBA-4E4F-A84F-FF555F5AF876}.Debug Static|x64.Build.0 = Debug Static|x64
		{364F6532-DDBA-4E4F-A84F-FF555F5AF876}.Debug Static|x86.ActiveCfg = Debug Static|Win32
		{364F6532-DDBA-4E4F-A84F-FF555F5AF876}.Debug Static|x86.Build.0 = Debug Static|Win32
		{364F6532-DDBA-4E4F-A84F-FF555F5AF876}.Debug|Any CPU.ActiveCfg = Debug Static|Win32
		{364F6532-DDBA-4E4F-A84F-FF555F5AF876}.Debug|Any CPU.Build.0 = Debug Static|Win32
		{364F6532-DDBA-4E4F-A84F-FF555F5AF876}.Debug|ARM.ActiveCfg = Debug Static|Win32
		{364F6532-DDBA-4E4F-A84F-FF555F5AF876}.Debug|ARM.Build.0 = Debug Static|Win32
		{364F6532-DDBA-4E4F-A84F-FF555F5AF876}.Debug|x64.ActiveCfg = Debug Static|x64
		{364F6532-DDBA-4E4F-A84F-FF555F5AF876}.Debug|x64.Build.0 = Debug Static|x64
		{364F6532-DDBA-4E4F-A84F-FF555F5AF876}.Debug|x86.ActiveCfg = Debug|Win32
		{364F6532-DDBA-4E4F-A84F-FF555F5AF876}.Debug|x86.Build.0 = Debug|Win32
		{364F6532-DDBA-4E4F-A84F-FF555F5AF876}.Release Static|Any CPU.ActiveCfg = Debug Static|Win32
		{364F6532-DDBA-4E4F-A84F-FF555F5AF876}.Release Static|ARM.ActiveCfg = Debug Static|Win32
		{364F6532-DDBA-4E4F-A84F-FF555F5AF876}.Release Static|x64.ActiveCfg = Debug Static|x64
		{364F6532-DDBA-4E4F-A84F-FF555F5AF876}.Release Static|x64.Build.0 = Debug Static|x64
		{364F6532-DDBA-4E4F-A84F-FF555F5AF876}.Release Static|x86.ActiveCfg = Release Static|Win32
		{364F6532-DDBA-4E4F-A84F-FF555F5AF876}.Release Static|x86.Build.0 = Release Static|Win32
		{364F6532-DDBA-4E4F-A84F-FF555F5AF876}.Release|Any CPU.ActiveCfg = Debug Static|Win32
		{364F6532-DDBA-4E4F-A84F-FF555F5AF876}.Release|Any CPU.Build.0 = Debug Static|Win32
		{364F6532-DDBA-4E4F-A84F-FF555F5AF876}.Release|ARM.ActiveCfg = Debug Static|Win32
		{364F6532-DDBA-4E4F-A84F-FF555F5AF876}.Release|ARM.Build.0 = Debug Static|Win32
		{364F6532-DDBA-4E4F-A84F-FF555F5AF876}.Release|x64.ActiveCfg = Debug Static|x64
		{364F6532-DDBA-4E4F-A84F-FF555F5AF876}.Release|x64.Build.0 = Debug Static|x64
		{364F6532-DDBA-4E4F-A84F-FF555F5AF876}.Release|x86.ActiveCfg = Release|Win32
		{364F6532-DDBA-4E4F-A84F-FF555F5AF876}.Release|x86.Build.0 = Release|Win32
		{9B7E85F8-182B-45D7-90E7-9CEEC3833D8F}.Debug Static|Any CPU.ActiveCfg = Release|x64
		{9B7E85F8-182B-45D7-90E7-9CEEC3833D8F}.Debug Static|Any CPU.Build.0 = Release|x64
		{9B7E85F8-182B-45D7-90E7-9CEEC3833D8F}.Debug Static|ARM.ActiveCfg = Release|x64
		{9B7E85F8-182B-45D7-90E7-9CEEC3833D8F}.Debug Static|ARM.Build.0 = Release|x64
		{9B7E85F8-182B-45D7-90E7-9CEEC3833D8F}.Debug Static|x64.ActiveCfg = Debug|x64
		{9B7E85F8-182B-45D7-90E7-9CEEC3833D8F}.Debug Static|x64.Build.0 = Debug|x64
		{9B7E85F8-182B-45D7-90E7-9CEEC3833D8F}.Debug Static|x86.ActiveCfg = Debug Static|Win32
		{9B7E85F8-182B-45D7-90E7-9CEEC3833D8F}.Debug Static|x86.Build.0 = Debug Static|Win32
		{9B7E85F8-182B-45D7-90E7-9CEEC3833D8F}.Debug|Any CPU.ActiveCfg = Debug|Win32
		{9B7E85F8-182B-45D7-90E7-9CEEC3833D8F}.Debug|ARM.ActiveCfg = Debug|Win32
		{9B7E85F8-182B-45D7-90E7-9CEEC3833D8F}.Debug|x64.ActiveCfg = Debug|x64
		{9B7E85F8-182B-45D7-90E7-9CEEC3833D8F}.Debug|x64.Build.0 = Debug|x64
		{9B7E85F8-182B-45D7-90E7-9CEEC3833D8F}.Debug|x86.ActiveCfg = Debug|Win32
		{9B7E85F8-182B-45D7-90E7-9CEEC3833D8F}.Debug|x86.Build.0 = Debug|Win32
		{9B7E85F8-182B-45D7-90E7-9CEEC3833D8F}.Release Static|Any CPU.ActiveCfg = Release|x64
		{9B7E85F8-182B-45D7-90E7-9CEEC3833D8F}.Release Static|Any CPU.Build.0 = Release|x64
		{9B7E85F8-182B-45D7-90E7-9CEEC3833D8F}.Release Static|ARM.ActiveCfg = Release|x64
		{9B7E85F8-182B-45D7-90E7-9CEEC3833D8F}.Release Static|ARM.Build.0 = Release|x64
		{9B7E85F8-182B-45D7-90E7-9CEEC3833D8F}.Release Static|x64.ActiveCfg = Debug|x64
		{9B7E85F8-182B-45D7-90E7-9CEEC3833D8F}.Release Static|x64.Build.0 = Debug|x64
		{9B7E85F8-182B-45D7-90E7-9CEEC3833D8F}.Release Static|x86.ActiveCfg = Release Static|Win32
		{9B7E85F8-182B-45D7-90E7-9CEEC3833D8F}.Release Static|x86.Build.0 = Release Static|Win32
		{9B7E85F8-182B-45D7-90E7-9CEEC3833D8F}.Release|Any CPU.ActiveCfg = Release|Win32
		{9B7E85F8-182B-45D7-90E7-9CEEC3833D8F}.Release|ARM.ActiveCfg = Release|Win32
		{9B7E85F8-182B-45D7-90E7-9CEEC3833D8F}.Release|x64.ActiveCfg = Release|x64
		{9B7E85F8-182B-45D7-90E7-9CEEC3833D8F}.Release|x64.Build.0 = Release|x64
		{9B7E85F8-182B-45D7-90E7-9CEEC3833D8F}.Release|x86.ActiveCfg = Release|Win32
		{9B7E85F8-182B-45D7-90E7-9CEEC3833D8F}.Release|x86.Build.0 = Release|Win32
		{14D1411E-1E86-424D-BFA4-FE44C7F89FE0}.Debug Static|Any CPU.ActiveCfg = Release|x64
		{14D1411E-1E86-424D-BFA4-FE44C7F89FE0}.Debug Static|Any CPU.Build.0 = Release|x64
		{14D1411E-1E86-424D-BFA4-FE44C7F89FE0}.Debug Static|Any CPU.Deploy.0 = Release|x64
		{14D1411E-1E86-424D-BFA4-FE44C7F89FE0}.Debug Static|ARM.ActiveCfg = Debug|ARM
		{14D1411E-1E86-424D-BFA4-FE44C7F89FE0}.Debug Static|ARM.Build.0 = Debug|ARM
		{14D1411E-1E86-424D-BFA4-FE44C7F89FE0}.Debug Static|ARM.Deploy.0 = Debug|ARM
		{14D1411E-1E86-424D-BFA4-FE44C7F89FE0}.Debug Static|x64.ActiveCfg = Debug|x64
		{14D1411E-1E86-424D-BFA4-FE44C7F89FE0}.Debug Static|x64.Build.0 = Debug|x64
		{14D1411E-1E86-424D-BFA4-FE44C7F89FE0}.Debug Static|x64.Deploy.0 = Debug|x64
		{14D1411E-1E86-424D-BFA4-FE44C7F89FE0}.Debug Static|x86.ActiveCfg = Debug|x86
		{14D1411E-1E86-424D-BFA4-FE44C7F89FE0}.Debug Static|x86.Build.0 = Debug|x86
		{14D1411E-1E86-424D-BFA4-FE44C7F89FE0}.Debug Static|x86.Deploy.0 = Debug|x86
		{14D1411E-1E86-424D-BFA4-FE44C7F89FE0}.Debug|Any CPU.ActiveCfg = Debug|x86
		{14D1411E-1E86-424D-BFA4-FE44C7F89FE0}.Debug|ARM.ActiveCfg = Debug|ARM
		{14D1411E-1E86-424D-BFA4-FE44C7F89FE0}.Debug|ARM.Build.0 = Debug|ARM
		{14D1411E-1E86-424D-BFA4-FE44C7F89FE0}.Debug|ARM.Deploy.0 = Debug|ARM
		{14D1411E-1E86-424D-BFA4-FE44C7F89FE0}.Debug|x64.ActiveCfg = Debug|x64
		{14D1411E-1E86-424D-BFA4-FE44C7F89FE0}.Debug|x64.Build.0 = Debug|x64
		{14D1411E-1E86-424D-BFA4-FE44C7F89FE0}.Debug|x64.Deploy.0 = Debug|x64
		{14D1411E-1E86-424D-BFA4-FE44C7F89FE0}.Debug|x86.ActiveCfg = Debug|x86
		{14D1411E-1E86-424D-BFA4-FE44C7F89FE0}.Debug|x86.Build.0 = Debug|x86
		{14D1411E-1E86-424D-BFA4-FE44C7F89FE0}.Debug|x86.Deploy.0 = Debug|x86
		{14D1411E-1E86-424D-BFA4-FE44C7F89FE0}.Release Static|Any CPU.ActiveCfg = Release|x64
		{14D1411E-1E86-424D-BFA4-FE44C7F89FE0}.Release Static|Any CPU.Build.0 = Release|x64
		{14D1411E-1E86-424D-BFA4-FE44C7F89FE0}.Release Static|Any CPU.Deploy.0 = Release|x64
		{14D1411E-1E86-424D-BFA4-FE44C7F89FE0}.Release Static|ARM.ActiveCfg = Release|ARM
		{14D1411E-1E86-424D-BFA4-FE44C7F89FE0}.Release Static|ARM.Build.0 = Release|ARM
		{14D1411E-1E86-424D-BFA4-FE44C7F89FE0}.Release Static|ARM.Deploy.0 = Release|ARM
		{14D1411E-1E86-424D-BFA4-FE44C7F89FE0}.Release Static|x64.ActiveCfg = Release|x64
		{14D1411E-1E86-424D-BFA4-FE44C7F89FE0}.Release Static|x64.Build.0 = Release|x64
		{14D1411E-1E86-424D-BFA4-FE44C7F89FE0}.Release Static|x64.Deploy.0 = Release|x64
		{14D1411E-1E86-424D-BFA4-FE44C7F89FE0}.Release Static|x86.ActiveCfg = Release|x86
		{14D1411E-1E86-424D-BFA4-FE44C7F89FE0}.Release Static|x86.Build.0 = Release|x86
		{14D1411E-1E86-424D-BFA4-FE44C7F89FE0}.Release Static|x86.Deploy.0 = Release|x86
		{14D1411E-1E86-424D-BFA4-FE44C7F89FE0}.Release|Any CPU.ActiveCfg = Release|x86
		{14D1411E-1E86-424D-BFA4-FE44C7F89FE0}.Release|ARM.ActiveCfg = Release|ARM
		{14D1411E-1E86-424D-BFA4-FE44C7F89FE0}.Release|ARM.Build.0 = Release|ARM
		{14D1411E-1E86-424D-BFA4-FE44C7F89FE0}.Release|ARM.Deploy.0 = Release|ARM
		{14D1411E-1E86-424D-BFA4-FE44C7F89FE0}.Release|x64.ActiveCfg = Release|x64
		{14D1411E-1E86-424D-BFA4-FE44C7F89FE0}.Release|x64.Build.0 = Release|x64
		{14D1411E-1E86-424D-BFA4-FE44C7F89FE0}.Release|x64.Deploy.0 = Release|x64
		{14D1411E-1E86-424D-BFA4-FE44C7F89FE0}.Release|x86.ActiveCfg = Release|x86
		{14D1411E-1E86-424D-BFA4-FE44C7F89FE0}.Release|x86.Build.0 = Release|x86
		{14D1411E-1E86-424D-BFA4-FE44C7F89FE0}.Release|x86.Deploy.0 = Release|x86
		{A01A5F41-33E4-4B46-A612-03179FDC90E0}.Debug Static|Any CPU.ActiveCfg = Release|x64
		{A01A5F41-33E4-4B46-A612-03179FDC90E0}.Debug Static|Any CPU.Build.0 = Release|x64
		{A01A5F41-33E4-4B46-A612-03179FDC90E0}.Debug Static|ARM.ActiveCfg = Release|x64
		{A01A5F41-33E4-4B46-A612-03179FDC90E0}.Debug Static|ARM.Build.0 = Release|x64
		{A01A5F41-33E4-4B46-A612-03179FDC90E0}.Debug Static|x64.ActiveCfg = Debug|x64
		{A01A5F41-33E4-4B46-A612-03179FDC90E0}.Debug Static|x64.Build.0 = Debug|x64
		{A01A5F41-33E4-4B46-A612-03179FDC90E0}.Debug Static|x86.ActiveCfg = Debug|Win32
		{A01A5F41-33E4-4B46-A612-03179FDC90E0}.Debug Static|x86.Build.0 = Debug|Win32
		{A01A5F41-33E4-4B46-A612-03179FDC90E0}.Debug|Any CPU.ActiveCfg = Debug|Win32
		{A01A5F41-33E4-4B46-A612-03179FDC90E0}.Debug|ARM.ActiveCfg = Debug|Win32
		{A01A5F41-33E4-4B46-A612-03179FDC90E0}.Debug|x64.ActiveCfg = Debug|x64
		{A01A5F41-33E4-4B46-A612-03179FDC90E0}.Debug|x64.Build.0 = Debug|x64
		{A01A5F41-33E4-4B46-A612-03179FDC90E0}.Debug|x86.ActiveCfg = Debug|Win32
		{A01A5F41-33E4-4B46-A612-03179FDC90E0}.Debug|x86.Build.0 = Debug|Win32
		{A01A5F41-33E4-4B46-A612-03179FDC90E0}.Release Static|Any CPU.ActiveCfg = Release|x64
		{A01A5F41-33E4-4B46-A612-03179FDC90E0}.Release Static|Any CPU.Build.0 = Release|x64
		{A01A5F41-33E4-4B46-A612-03179FDC90E0}.Release Static|ARM.ActiveCfg = Release|x64
		{A01A5F41-33E4-4B46-A612-03179FDC90E0}.Release Static|ARM.Build.0 = Release|x64
		{A01A5F41-33E4-4B46-A612-03179FDC90E0}.Release Static|x64.ActiveCfg = Release|x64
		{A01A5F41-33E4-4B46-A612-03179FDC90E0}.Release Static|x64.Build.0 = Release|x64
		{A01A5F41-33E4-4B46-A612-03179FDC90E0}.Release Static|x86.ActiveCfg = Release|Win32
		{A01A5F41-33E4-4B46-A612-03179FDC90E0}.Release Static|x86.Build.0 = Release|Win32
		{A01A5F41-33E4-4B46-A612-03179FDC90E0}.Release|Any CPU.ActiveCfg = Release|Win32
		{A01A5F41-33E4-4B46-A612-03179FDC90E0}.Release|ARM.ActiveCfg = Release|Win32
		{A01A5F41-33E4-4B46-A612-03179FDC90E0}.Release|x64.ActiveCfg = Release|x64
		{A01A5F41-33E4-4B46-A612-03179FDC90E0}.Release|x64.Build.0 = Release|x64
		{A01A5F41-33E4-4B46-A612-03179FDC90E0}.Release|x86.ActiveCfg = Release|Win32
		{A01A5F41-33E4-4B46-A612-03179FDC90E0}.Release|x86.Build.0 = Release|Win32
	EndGlobalSection
	GlobalSection(SolutionProperties) = preSolution
		HideSolutionNode = FALSE
	EndGlobalSection
	GlobalSection(NestedProjects) = preSolution
		{6577EADD-4179-4037-A55A-327B577C95E4} = {9533A061-BA5D-4D21-9F96-5FE8CA6FE4FD}
		{B4087130-A43C-48C0-A4BB-CB7A60244AC4} = {9533A061-BA5D-4D21-9F96-5FE8CA6FE4FD}
		{1DF5389C-76CA-4039-94F3-00FBA2604269} = {C066F8D9-66C9-48F3-BE25-8CAF3B417950}
		{9CA5B867-2695-4613-90DE-1870258B1D2E} = {C066F8D9-66C9-48F3-BE25-8CAF3B417950}
		{364F6532-DDBA-4E4F-A84F-FF555F5AF876} = {9533A061-BA5D-4D21-9F96-5FE8CA6FE4FD}
		{9B7E85F8-182B-45D7-90E7-9CEEC3833D8F} = {9533A061-BA5D-4D21-9F96-5FE8CA6FE4FD}
		{14D1411E-1E86-424D-BFA4-FE44C7F89FE0} = {C066F8D9-66C9-48F3-BE25-8CAF3B417950}
		{A01A5F41-33E4-4B46-A612-03179FDC90E0} = {9533A061-BA5D-4D21-9F96-5FE8CA6FE4FD}
	EndGlobalSection
EndGlobal
