
Microsoft Visual Studio Solution File, Format Version 12.00
# Visual Studio 14
VisualStudioVersion = 14.0.25115.1
MinimumVisualStudioVersion = 10.0.40219.1
Project("{FAE04EC0-301F-11D3-BF4B-00C04F79EFBC}") = "SchemaStub", "SchemaStub\SchemaStub.csproj", "{2DB80576-F838-4A47-8522-EF15978AAA03}"
EndProject
Project("{2150E333-8FDC-42A3-9474-1A3956D46DE8}") = "uwp", "uwp", "{627E822E-A09A-4BE7-BBA2-DBA8A7A3281C}"
EndProject
Project("{FAE04EC0-301F-11D3-BF4B-00C04F79EFBC}") = "MoviesUI", "uwp\MoviesUI\MoviesUI.csproj", "{086CEF06-278C-4768-B936-49C932B0A5EA}"
	ProjectSection(ProjectDependencies) = postProject
		{0C887A25-2B23-4765-A7D7-0F428042E7EE} = {0C887A25-2B23-4765-A7D7-0F428042E7EE}
	EndProjectSection
EndProject
Project("{2150E333-8FDC-42A3-9474-1A3956D46DE8}") = "Android", "Android", "{225CF506-7675-4F0F-AF08-A263016D50FC}"
EndProject
Project("{8BC9CEB8-8B4A-11D0-8D11-00A0C91BC942}") = "movies", "Android\movies\movies.vcxproj", "{BCA4A77B-49BD-4247-B750-DCC2CAA1B786}"
	ProjectSection(ProjectDependencies) = postProject
		{2DB80576-F838-4A47-8522-EF15978AAA03} = {2DB80576-F838-4A47-8522-EF15978AAA03}
	EndProjectSection
EndProject
Project("{8BC9CEB8-8B4A-11D0-8D11-00A0C91BC942}") = "Movies.dll", "uwp\Movies.dll\Movies.dll.vcxproj", "{0C887A25-2B23-4765-A7D7-0F428042E7EE}"
	ProjectSection(ProjectDependencies) = postProject
		{2DB80576-F838-4A47-8522-EF15978AAA03} = {2DB80576-F838-4A47-8522-EF15978AAA03}
	EndProjectSection
EndProject
Project("{39E2626F-3545-4960-A6E8-258AD8476CE5}") = "MoviesUI", "Android\MoviesUI\MoviesUI.androidproj", "{E2BF1E63-AACB-4DFF-B060-22DC52D45743}"
EndProject
Project("{8BC9CEB8-8B4A-11D0-8D11-00A0C91BC942}") = "pmod", "..\..\..\..\src\__build\vs\android\pmod\pmod.vcxproj", "{85BF84E2-8CDE-44CB-9830-234A7BD1BE7D}"
EndProject
Project("{8BC9CEB8-8B4A-11D0-8D11-00A0C91BC942}") = "pmod_lib", "..\..\..\..\src\__build\vs\android\pmod_lib\pmod_lib.vcxproj", "{84335453-53FB-41DE-BDD0-151D3549C3B6}"
EndProject
Global
	GlobalSection(SharedMSBuildProjectFiles) = preSolution
		..\..\..\..\src\__build\vs\proj\model_library_files.vcxitems*{84335453-53fb-41de-bdd0-151d3549c3b6}*SharedItemsImports = 4
		..\..\..\..\src\__build\vs\proj\foundation_library_files.vcxitems*{84335453-53fb-41de-bdd0-151d3549c3b6}*SharedItemsImports = 4
		..\..\..\..\src\__build\vs\proj\src_files.vcxitems*{84335453-53fb-41de-bdd0-151d3549c3b6}*SharedItemsImports = 4
		..\..\..\..\src\__build\vs\proj\jansson_files.vcxitems*{84335453-53fb-41de-bdd0-151d3549c3b6}*SharedItemsImports = 4
		..\..\..\..\src\__build\vs\proj\jni_files.vcxitems*{85bf84e2-8cde-44cb-9830-234a7bd1be7d}*SharedItemsImports = 4
		..\..\..\..\src\__build\vs\proj\foundation_files.vcxitems*{85bf84e2-8cde-44cb-9830-234a7bd1be7d}*SharedItemsImports = 4
		..\..\..\..\src\__build\vs\proj\src_files.vcxitems*{85bf84e2-8cde-44cb-9830-234a7bd1be7d}*SharedItemsImports = 4
		..\..\..\..\src\__build\vs\proj\foundation_pal_files_android.vcxitems*{85bf84e2-8cde-44cb-9830-234a7bd1be7d}*SharedItemsImports = 4
		..\..\..\..\src\__build\vs\proj\model_files.vcxitems*{85bf84e2-8cde-44cb-9830-234a7bd1be7d}*SharedItemsImports = 4
		..\..\..\..\src\__build\vs\proj\foundation_pal_files.vcxitems*{85bf84e2-8cde-44cb-9830-234a7bd1be7d}*SharedItemsImports = 4
		..\..\..\..\src\__build\vs\proj\pinvoke_files.vcxitems*{85bf84e2-8cde-44cb-9830-234a7bd1be7d}*SharedItemsImports = 4
	EndGlobalSection
	GlobalSection(SolutionConfigurationPlatforms) = preSolution
		Ad-Hoc|Any CPU = Ad-Hoc|Any CPU
		Ad-Hoc|ARM = Ad-Hoc|ARM
		Ad-Hoc|ARM64 = Ad-Hoc|ARM64
		Ad-Hoc|iPhone = Ad-Hoc|iPhone
		Ad-Hoc|iPhoneSimulator = Ad-Hoc|iPhoneSimulator
		Ad-Hoc|x64 = Ad-Hoc|x64
		Ad-Hoc|x86 = Ad-Hoc|x86
		AppStore|Any CPU = AppStore|Any CPU
		AppStore|ARM = AppStore|ARM
		AppStore|ARM64 = AppStore|ARM64
		AppStore|iPhone = AppStore|iPhone
		AppStore|iPhoneSimulator = AppStore|iPhoneSimulator
		AppStore|x64 = AppStore|x64
		AppStore|x86 = AppStore|x86
		Debug|Any CPU = Debug|Any CPU
		Debug|ARM = Debug|ARM
		Debug|ARM64 = Debug|ARM64
		Debug|iPhone = Debug|iPhone
		Debug|iPhoneSimulator = Debug|iPhoneSimulator
		Debug|x64 = Debug|x64
		Debug|x86 = Debug|x86
		Release|Any CPU = Release|Any CPU
		Release|ARM = Release|ARM
		Release|ARM64 = Release|ARM64
		Release|iPhone = Release|iPhone
		Release|iPhoneSimulator = Release|iPhoneSimulator
		Release|x64 = Release|x64
		Release|x86 = Release|x86
	EndGlobalSection
	GlobalSection(ProjectConfigurationPlatforms) = postSolution
		{2DB80576-F838-4A47-8522-EF15978AAA03}.Ad-Hoc|Any CPU.ActiveCfg = Release|Any CPU
		{2DB80576-F838-4A47-8522-EF15978AAA03}.Ad-Hoc|Any CPU.Build.0 = Release|Any CPU
		{2DB80576-F838-4A47-8522-EF15978AAA03}.Ad-Hoc|ARM.ActiveCfg = Release|Any CPU
		{2DB80576-F838-4A47-8522-EF15978AAA03}.Ad-Hoc|ARM.Build.0 = Release|Any CPU
		{2DB80576-F838-4A47-8522-EF15978AAA03}.Ad-Hoc|ARM64.ActiveCfg = Release|Any CPU
		{2DB80576-F838-4A47-8522-EF15978AAA03}.Ad-Hoc|ARM64.Build.0 = Release|Any CPU
		{2DB80576-F838-4A47-8522-EF15978AAA03}.Ad-Hoc|iPhone.ActiveCfg = Release|Any CPU
		{2DB80576-F838-4A47-8522-EF15978AAA03}.Ad-Hoc|iPhone.Build.0 = Release|Any CPU
		{2DB80576-F838-4A47-8522-EF15978AAA03}.Ad-Hoc|iPhoneSimulator.ActiveCfg = Release|Any CPU
		{2DB80576-F838-4A47-8522-EF15978AAA03}.Ad-Hoc|iPhoneSimulator.Build.0 = Release|Any CPU
		{2DB80576-F838-4A47-8522-EF15978AAA03}.Ad-Hoc|x64.ActiveCfg = Release|Any CPU
		{2DB80576-F838-4A47-8522-EF15978AAA03}.Ad-Hoc|x64.Build.0 = Release|Any CPU
		{2DB80576-F838-4A47-8522-EF15978AAA03}.Ad-Hoc|x86.ActiveCfg = Release|Any CPU
		{2DB80576-F838-4A47-8522-EF15978AAA03}.Ad-Hoc|x86.Build.0 = Release|Any CPU
		{2DB80576-F838-4A47-8522-EF15978AAA03}.AppStore|Any CPU.ActiveCfg = Release|Any CPU
		{2DB80576-F838-4A47-8522-EF15978AAA03}.AppStore|Any CPU.Build.0 = Release|Any CPU
		{2DB80576-F838-4A47-8522-EF15978AAA03}.AppStore|ARM.ActiveCfg = Release|Any CPU
		{2DB80576-F838-4A47-8522-EF15978AAA03}.AppStore|ARM.Build.0 = Release|Any CPU
		{2DB80576-F838-4A47-8522-EF15978AAA03}.AppStore|ARM64.ActiveCfg = Release|Any CPU
		{2DB80576-F838-4A47-8522-EF15978AAA03}.AppStore|ARM64.Build.0 = Release|Any CPU
		{2DB80576-F838-4A47-8522-EF15978AAA03}.AppStore|iPhone.ActiveCfg = Release|Any CPU
		{2DB80576-F838-4A47-8522-EF15978AAA03}.AppStore|iPhone.Build.0 = Release|Any CPU
		{2DB80576-F838-4A47-8522-EF15978AAA03}.AppStore|iPhoneSimulator.ActiveCfg = Release|Any CPU
		{2DB80576-F838-4A47-8522-EF15978AAA03}.AppStore|iPhoneSimulator.Build.0 = Release|Any CPU
		{2DB80576-F838-4A47-8522-EF15978AAA03}.AppStore|x64.ActiveCfg = Release|Any CPU
		{2DB80576-F838-4A47-8522-EF15978AAA03}.AppStore|x64.Build.0 = Release|Any CPU
		{2DB80576-F838-4A47-8522-EF15978AAA03}.AppStore|x86.ActiveCfg = Release|Any CPU
		{2DB80576-F838-4A47-8522-EF15978AAA03}.AppStore|x86.Build.0 = Release|Any CPU
		{2DB80576-F838-4A47-8522-EF15978AAA03}.Debug|Any CPU.ActiveCfg = Debug|Any CPU
		{2DB80576-F838-4A47-8522-EF15978AAA03}.Debug|Any CPU.Build.0 = Debug|Any CPU
		{2DB80576-F838-4A47-8522-EF15978AAA03}.Debug|ARM.ActiveCfg = Debug|Any CPU
		{2DB80576-F838-4A47-8522-EF15978AAA03}.Debug|ARM.Build.0 = Debug|Any CPU
		{2DB80576-F838-4A47-8522-EF15978AAA03}.Debug|ARM64.ActiveCfg = Debug|Any CPU
		{2DB80576-F838-4A47-8522-EF15978AAA03}.Debug|ARM64.Build.0 = Debug|Any CPU
		{2DB80576-F838-4A47-8522-EF15978AAA03}.Debug|iPhone.ActiveCfg = Debug|Any CPU
		{2DB80576-F838-4A47-8522-EF15978AAA03}.Debug|iPhone.Build.0 = Debug|Any CPU
		{2DB80576-F838-4A47-8522-EF15978AAA03}.Debug|iPhoneSimulator.ActiveCfg = Debug|Any CPU
		{2DB80576-F838-4A47-8522-EF15978AAA03}.Debug|iPhoneSimulator.Build.0 = Debug|Any CPU
		{2DB80576-F838-4A47-8522-EF15978AAA03}.Debug|x64.ActiveCfg = Debug|Any CPU
		{2DB80576-F838-4A47-8522-EF15978AAA03}.Debug|x64.Build.0 = Debug|Any CPU
		{2DB80576-F838-4A47-8522-EF15978AAA03}.Debug|x86.ActiveCfg = Debug|Any CPU
		{2DB80576-F838-4A47-8522-EF15978AAA03}.Debug|x86.Build.0 = Debug|Any CPU
		{2DB80576-F838-4A47-8522-EF15978AAA03}.Release|Any CPU.ActiveCfg = Release|Any CPU
		{2DB80576-F838-4A47-8522-EF15978AAA03}.Release|Any CPU.Build.0 = Release|Any CPU
		{2DB80576-F838-4A47-8522-EF15978AAA03}.Release|ARM.ActiveCfg = Release|Any CPU
		{2DB80576-F838-4A47-8522-EF15978AAA03}.Release|ARM.Build.0 = Release|Any CPU
		{2DB80576-F838-4A47-8522-EF15978AAA03}.Release|ARM64.ActiveCfg = Release|Any CPU
		{2DB80576-F838-4A47-8522-EF15978AAA03}.Release|ARM64.Build.0 = Release|Any CPU
		{2DB80576-F838-4A47-8522-EF15978AAA03}.Release|iPhone.ActiveCfg = Release|Any CPU
		{2DB80576-F838-4A47-8522-EF15978AAA03}.Release|iPhone.Build.0 = Release|Any CPU
		{2DB80576-F838-4A47-8522-EF15978AAA03}.Release|iPhoneSimulator.ActiveCfg = Release|Any CPU
		{2DB80576-F838-4A47-8522-EF15978AAA03}.Release|iPhoneSimulator.Build.0 = Release|Any CPU
		{2DB80576-F838-4A47-8522-EF15978AAA03}.Release|x64.ActiveCfg = Release|Any CPU
		{2DB80576-F838-4A47-8522-EF15978AAA03}.Release|x64.Build.0 = Release|Any CPU
		{2DB80576-F838-4A47-8522-EF15978AAA03}.Release|x86.ActiveCfg = Release|Any CPU
		{2DB80576-F838-4A47-8522-EF15978AAA03}.Release|x86.Build.0 = Release|Any CPU
		{086CEF06-278C-4768-B936-49C932B0A5EA}.Ad-Hoc|Any CPU.ActiveCfg = Release|x64
		{086CEF06-278C-4768-B936-49C932B0A5EA}.Ad-Hoc|ARM.ActiveCfg = Release|ARM
		{086CEF06-278C-4768-B936-49C932B0A5EA}.Ad-Hoc|ARM64.ActiveCfg = Release|x64
		{086CEF06-278C-4768-B936-49C932B0A5EA}.Ad-Hoc|iPhone.ActiveCfg = Release|x64
		{086CEF06-278C-4768-B936-49C932B0A5EA}.Ad-Hoc|iPhoneSimulator.ActiveCfg = Release|x64
		{086CEF06-278C-4768-B936-49C932B0A5EA}.Ad-Hoc|x64.ActiveCfg = Release|x64
		{086CEF06-278C-4768-B936-49C932B0A5EA}.Ad-Hoc|x86.ActiveCfg = Release|x86
		{086CEF06-278C-4768-B936-49C932B0A5EA}.AppStore|Any CPU.ActiveCfg = Release|x64
		{086CEF06-278C-4768-B936-49C932B0A5EA}.AppStore|ARM.ActiveCfg = Release|ARM
		{086CEF06-278C-4768-B936-49C932B0A5EA}.AppStore|ARM64.ActiveCfg = Release|x64
		{086CEF06-278C-4768-B936-49C932B0A5EA}.AppStore|iPhone.ActiveCfg = Release|x64
		{086CEF06-278C-4768-B936-49C932B0A5EA}.AppStore|iPhoneSimulator.ActiveCfg = Release|x64
		{086CEF06-278C-4768-B936-49C932B0A5EA}.AppStore|x64.ActiveCfg = Release|x64
		{086CEF06-278C-4768-B936-49C932B0A5EA}.AppStore|x86.ActiveCfg = Release|x86
		{086CEF06-278C-4768-B936-49C932B0A5EA}.Debug|Any CPU.ActiveCfg = Debug|x86
		{086CEF06-278C-4768-B936-49C932B0A5EA}.Debug|ARM.ActiveCfg = Debug|ARM
		{086CEF06-278C-4768-B936-49C932B0A5EA}.Debug|ARM.Build.0 = Debug|ARM
		{086CEF06-278C-4768-B936-49C932B0A5EA}.Debug|ARM.Deploy.0 = Debug|ARM
		{086CEF06-278C-4768-B936-49C932B0A5EA}.Debug|ARM64.ActiveCfg = Debug|x86
		{086CEF06-278C-4768-B936-49C932B0A5EA}.Debug|iPhone.ActiveCfg = Debug|x86
		{086CEF06-278C-4768-B936-49C932B0A5EA}.Debug|iPhoneSimulator.ActiveCfg = Debug|x86
		{086CEF06-278C-4768-B936-49C932B0A5EA}.Debug|x64.ActiveCfg = Debug|x64
		{086CEF06-278C-4768-B936-49C932B0A5EA}.Debug|x64.Build.0 = Debug|x64
		{086CEF06-278C-4768-B936-49C932B0A5EA}.Debug|x64.Deploy.0 = Debug|x64
		{086CEF06-278C-4768-B936-49C932B0A5EA}.Debug|x86.ActiveCfg = Debug|x86
		{086CEF06-278C-4768-B936-49C932B0A5EA}.Debug|x86.Build.0 = Debug|x86
		{086CEF06-278C-4768-B936-49C932B0A5EA}.Debug|x86.Deploy.0 = Debug|x86
		{086CEF06-278C-4768-B936-49C932B0A5EA}.Release|Any CPU.ActiveCfg = Release|x86
		{086CEF06-278C-4768-B936-49C932B0A5EA}.Release|ARM.ActiveCfg = Release|ARM
		{086CEF06-278C-4768-B936-49C932B0A5EA}.Release|ARM.Build.0 = Release|ARM
		{086CEF06-278C-4768-B936-49C932B0A5EA}.Release|ARM.Deploy.0 = Release|ARM
		{086CEF06-278C-4768-B936-49C932B0A5EA}.Release|ARM64.ActiveCfg = Release|x86
		{086CEF06-278C-4768-B936-49C932B0A5EA}.Release|iPhone.ActiveCfg = Release|x86
		{086CEF06-278C-4768-B936-49C932B0A5EA}.Release|iPhoneSimulator.ActiveCfg = Release|x86
		{086CEF06-278C-4768-B936-49C932B0A5EA}.Release|x64.ActiveCfg = Release|x64
		{086CEF06-278C-4768-B936-49C932B0A5EA}.Release|x64.Build.0 = Release|x64
		{086CEF06-278C-4768-B936-49C932B0A5EA}.Release|x64.Deploy.0 = Release|x64
		{086CEF06-278C-4768-B936-49C932B0A5EA}.Release|x86.ActiveCfg = Release|x86
		{086CEF06-278C-4768-B936-49C932B0A5EA}.Release|x86.Build.0 = Release|x86
		{086CEF06-278C-4768-B936-49C932B0A5EA}.Release|x86.Deploy.0 = Release|x86
		{BCA4A77B-49BD-4247-B750-DCC2CAA1B786}.Ad-Hoc|Any CPU.ActiveCfg = Release|x64
		{BCA4A77B-49BD-4247-B750-DCC2CAA1B786}.Ad-Hoc|Any CPU.Build.0 = Release|x64
		{BCA4A77B-49BD-4247-B750-DCC2CAA1B786}.Ad-Hoc|ARM.ActiveCfg = Release|ARM
		{BCA4A77B-49BD-4247-B750-DCC2CAA1B786}.Ad-Hoc|ARM.Build.0 = Release|ARM
		{BCA4A77B-49BD-4247-B750-DCC2CAA1B786}.Ad-Hoc|ARM64.ActiveCfg = Release|ARM64
		{BCA4A77B-49BD-4247-B750-DCC2CAA1B786}.Ad-Hoc|ARM64.Build.0 = Release|ARM64
		{BCA4A77B-49BD-4247-B750-DCC2CAA1B786}.Ad-Hoc|iPhone.ActiveCfg = Release|x64
		{BCA4A77B-49BD-4247-B750-DCC2CAA1B786}.Ad-Hoc|iPhone.Build.0 = Release|x64
		{BCA4A77B-49BD-4247-B750-DCC2CAA1B786}.Ad-Hoc|iPhoneSimulator.ActiveCfg = Release|x64
		{BCA4A77B-49BD-4247-B750-DCC2CAA1B786}.Ad-Hoc|iPhoneSimulator.Build.0 = Release|x64
		{BCA4A77B-49BD-4247-B750-DCC2CAA1B786}.Ad-Hoc|x64.ActiveCfg = Release|x64
		{BCA4A77B-49BD-4247-B750-DCC2CAA1B786}.Ad-Hoc|x64.Build.0 = Release|x64
		{BCA4A77B-49BD-4247-B750-DCC2CAA1B786}.Ad-Hoc|x86.ActiveCfg = Release|x86
		{BCA4A77B-49BD-4247-B750-DCC2CAA1B786}.Ad-Hoc|x86.Build.0 = Release|x86
		{BCA4A77B-49BD-4247-B750-DCC2CAA1B786}.AppStore|Any CPU.ActiveCfg = Release|x64
		{BCA4A77B-49BD-4247-B750-DCC2CAA1B786}.AppStore|Any CPU.Build.0 = Release|x64
		{BCA4A77B-49BD-4247-B750-DCC2CAA1B786}.AppStore|ARM.ActiveCfg = Release|ARM
		{BCA4A77B-49BD-4247-B750-DCC2CAA1B786}.AppStore|ARM.Build.0 = Release|ARM
		{BCA4A77B-49BD-4247-B750-DCC2CAA1B786}.AppStore|ARM64.ActiveCfg = Release|ARM64
		{BCA4A77B-49BD-4247-B750-DCC2CAA1B786}.AppStore|ARM64.Build.0 = Release|ARM64
		{BCA4A77B-49BD-4247-B750-DCC2CAA1B786}.AppStore|iPhone.ActiveCfg = Release|x64
		{BCA4A77B-49BD-4247-B750-DCC2CAA1B786}.AppStore|iPhone.Build.0 = Release|x64
		{BCA4A77B-49BD-4247-B750-DCC2CAA1B786}.AppStore|iPhoneSimulator.ActiveCfg = Release|x64
		{BCA4A77B-49BD-4247-B750-DCC2CAA1B786}.AppStore|iPhoneSimulator.Build.0 = Release|x64
		{BCA4A77B-49BD-4247-B750-DCC2CAA1B786}.AppStore|x64.ActiveCfg = Release|x64
		{BCA4A77B-49BD-4247-B750-DCC2CAA1B786}.AppStore|x64.Build.0 = Release|x64
		{BCA4A77B-49BD-4247-B750-DCC2CAA1B786}.AppStore|x86.ActiveCfg = Release|x86
		{BCA4A77B-49BD-4247-B750-DCC2CAA1B786}.AppStore|x86.Build.0 = Release|x86
		{BCA4A77B-49BD-4247-B750-DCC2CAA1B786}.Debug|Any CPU.ActiveCfg = Debug|ARM
		{BCA4A77B-49BD-4247-B750-DCC2CAA1B786}.Debug|ARM.ActiveCfg = Debug|ARM
		{BCA4A77B-49BD-4247-B750-DCC2CAA1B786}.Debug|ARM.Build.0 = Debug|ARM
		{BCA4A77B-49BD-4247-B750-DCC2CAA1B786}.Debug|ARM64.ActiveCfg = Debug|ARM64
		{BCA4A77B-49BD-4247-B750-DCC2CAA1B786}.Debug|ARM64.Build.0 = Debug|ARM64
		{BCA4A77B-49BD-4247-B750-DCC2CAA1B786}.Debug|iPhone.ActiveCfg = Debug|x86
		{BCA4A77B-49BD-4247-B750-DCC2CAA1B786}.Debug|iPhoneSimulator.ActiveCfg = Debug|x86
		{BCA4A77B-49BD-4247-B750-DCC2CAA1B786}.Debug|x64.ActiveCfg = Debug|x64
		{BCA4A77B-49BD-4247-B750-DCC2CAA1B786}.Debug|x64.Build.0 = Debug|x64
		{BCA4A77B-49BD-4247-B750-DCC2CAA1B786}.Debug|x86.ActiveCfg = Debug|x86
		{BCA4A77B-49BD-4247-B750-DCC2CAA1B786}.Debug|x86.Build.0 = Debug|x86
		{BCA4A77B-49BD-4247-B750-DCC2CAA1B786}.Release|Any CPU.ActiveCfg = Release|x86
		{BCA4A77B-49BD-4247-B750-DCC2CAA1B786}.Release|ARM.ActiveCfg = Release|ARM
		{BCA4A77B-49BD-4247-B750-DCC2CAA1B786}.Release|ARM.Build.0 = Release|ARM
		{BCA4A77B-49BD-4247-B750-DCC2CAA1B786}.Release|ARM64.ActiveCfg = Release|ARM64
		{BCA4A77B-49BD-4247-B750-DCC2CAA1B786}.Release|ARM64.Build.0 = Release|ARM64
		{BCA4A77B-49BD-4247-B750-DCC2CAA1B786}.Release|iPhone.ActiveCfg = Release|x86
		{BCA4A77B-49BD-4247-B750-DCC2CAA1B786}.Release|iPhoneSimulator.ActiveCfg = Release|x86
		{BCA4A77B-49BD-4247-B750-DCC2CAA1B786}.Release|x64.ActiveCfg = Release|x64
		{BCA4A77B-49BD-4247-B750-DCC2CAA1B786}.Release|x64.Build.0 = Release|x64
		{BCA4A77B-49BD-4247-B750-DCC2CAA1B786}.Release|x86.ActiveCfg = Release|x86
		{BCA4A77B-49BD-4247-B750-DCC2CAA1B786}.Release|x86.Build.0 = Release|x86
		{0C887A25-2B23-4765-A7D7-0F428042E7EE}.Ad-Hoc|Any CPU.ActiveCfg = Release|x64
		{0C887A25-2B23-4765-A7D7-0F428042E7EE}.Ad-Hoc|Any CPU.Build.0 = Release|x64
		{0C887A25-2B23-4765-A7D7-0F428042E7EE}.Ad-Hoc|ARM.ActiveCfg = Release|ARM
		{0C887A25-2B23-4765-A7D7-0F428042E7EE}.Ad-Hoc|ARM.Build.0 = Release|ARM
		{0C887A25-2B23-4765-A7D7-0F428042E7EE}.Ad-Hoc|ARM64.ActiveCfg = Release|x64
		{0C887A25-2B23-4765-A7D7-0F428042E7EE}.Ad-Hoc|ARM64.Build.0 = Release|x64
		{0C887A25-2B23-4765-A7D7-0F428042E7EE}.Ad-Hoc|iPhone.ActiveCfg = Release|x64
		{0C887A25-2B23-4765-A7D7-0F428042E7EE}.Ad-Hoc|iPhone.Build.0 = Release|x64
		{0C887A25-2B23-4765-A7D7-0F428042E7EE}.Ad-Hoc|iPhoneSimulator.ActiveCfg = Release|x64
		{0C887A25-2B23-4765-A7D7-0F428042E7EE}.Ad-Hoc|iPhoneSimulator.Build.0 = Release|x64
		{0C887A25-2B23-4765-A7D7-0F428042E7EE}.Ad-Hoc|x64.ActiveCfg = Release|x64
		{0C887A25-2B23-4765-A7D7-0F428042E7EE}.Ad-Hoc|x64.Build.0 = Release|x64
		{0C887A25-2B23-4765-A7D7-0F428042E7EE}.Ad-Hoc|x86.ActiveCfg = Release|Win32
		{0C887A25-2B23-4765-A7D7-0F428042E7EE}.Ad-Hoc|x86.Build.0 = Release|Win32
		{0C887A25-2B23-4765-A7D7-0F428042E7EE}.AppStore|Any CPU.ActiveCfg = Release|x64
		{0C887A25-2B23-4765-A7D7-0F428042E7EE}.AppStore|Any CPU.Build.0 = Release|x64
		{0C887A25-2B23-4765-A7D7-0F428042E7EE}.AppStore|ARM.ActiveCfg = Release|ARM
		{0C887A25-2B23-4765-A7D7-0F428042E7EE}.AppStore|ARM.Build.0 = Release|ARM
		{0C887A25-2B23-4765-A7D7-0F428042E7EE}.AppStore|ARM64.ActiveCfg = Release|x64
		{0C887A25-2B23-4765-A7D7-0F428042E7EE}.AppStore|ARM64.Build.0 = Release|x64
		{0C887A25-2B23-4765-A7D7-0F428042E7EE}.AppStore|iPhone.ActiveCfg = Release|x64
		{0C887A25-2B23-4765-A7D7-0F428042E7EE}.AppStore|iPhone.Build.0 = Release|x64
		{0C887A25-2B23-4765-A7D7-0F428042E7EE}.AppStore|iPhoneSimulator.ActiveCfg = Release|x64
		{0C887A25-2B23-4765-A7D7-0F428042E7EE}.AppStore|iPhoneSimulator.Build.0 = Release|x64
		{0C887A25-2B23-4765-A7D7-0F428042E7EE}.AppStore|x64.ActiveCfg = Release|x64
		{0C887A25-2B23-4765-A7D7-0F428042E7EE}.AppStore|x64.Build.0 = Release|x64
		{0C887A25-2B23-4765-A7D7-0F428042E7EE}.AppStore|x86.ActiveCfg = Release|Win32
		{0C887A25-2B23-4765-A7D7-0F428042E7EE}.AppStore|x86.Build.0 = Release|Win32
		{0C887A25-2B23-4765-A7D7-0F428042E7EE}.Debug|Any CPU.ActiveCfg = Debug|Win32
		{0C887A25-2B23-4765-A7D7-0F428042E7EE}.Debug|ARM.ActiveCfg = Debug|ARM
		{0C887A25-2B23-4765-A7D7-0F428042E7EE}.Debug|ARM.Build.0 = Debug|ARM
		{0C887A25-2B23-4765-A7D7-0F428042E7EE}.Debug|ARM64.ActiveCfg = Debug|Win32
		{0C887A25-2B23-4765-A7D7-0F428042E7EE}.Debug|iPhone.ActiveCfg = Debug|Win32
		{0C887A25-2B23-4765-A7D7-0F428042E7EE}.Debug|iPhoneSimulator.ActiveCfg = Debug|Win32
		{0C887A25-2B23-4765-A7D7-0F428042E7EE}.Debug|x64.ActiveCfg = Debug|x64
		{0C887A25-2B23-4765-A7D7-0F428042E7EE}.Debug|x64.Build.0 = Debug|x64
		{0C887A25-2B23-4765-A7D7-0F428042E7EE}.Debug|x86.ActiveCfg = Debug|Win32
		{0C887A25-2B23-4765-A7D7-0F428042E7EE}.Debug|x86.Build.0 = Debug|Win32
		{0C887A25-2B23-4765-A7D7-0F428042E7EE}.Release|Any CPU.ActiveCfg = Release|Win32
		{0C887A25-2B23-4765-A7D7-0F428042E7EE}.Release|ARM.ActiveCfg = Release|ARM
		{0C887A25-2B23-4765-A7D7-0F428042E7EE}.Release|ARM.Build.0 = Release|ARM
		{0C887A25-2B23-4765-A7D7-0F428042E7EE}.Release|ARM64.ActiveCfg = Release|Win32
		{0C887A25-2B23-4765-A7D7-0F428042E7EE}.Release|iPhone.ActiveCfg = Release|Win32
		{0C887A25-2B23-4765-A7D7-0F428042E7EE}.Release|iPhoneSimulator.ActiveCfg = Release|Win32
		{0C887A25-2B23-4765-A7D7-0F428042E7EE}.Release|x64.ActiveCfg = Release|x64
		{0C887A25-2B23-4765-A7D7-0F428042E7EE}.Release|x64.Build.0 = Release|x64
		{0C887A25-2B23-4765-A7D7-0F428042E7EE}.Release|x86.ActiveCfg = Release|Win32
		{0C887A25-2B23-4765-A7D7-0F428042E7EE}.Release|x86.Build.0 = Release|Win32
		{E2BF1E63-AACB-4DFF-B060-22DC52D45743}.Ad-Hoc|Any CPU.ActiveCfg = Release|x86
		{E2BF1E63-AACB-4DFF-B060-22DC52D45743}.Ad-Hoc|Any CPU.Build.0 = Release|x86
		{E2BF1E63-AACB-4DFF-B060-22DC52D45743}.Ad-Hoc|Any CPU.Deploy.0 = Release|x86
		{E2BF1E63-AACB-4DFF-B060-22DC52D45743}.Ad-Hoc|ARM.ActiveCfg = Release|ARM
		{E2BF1E63-AACB-4DFF-B060-22DC52D45743}.Ad-Hoc|ARM.Build.0 = Release|ARM
		{E2BF1E63-AACB-4DFF-B060-22DC52D45743}.Ad-Hoc|ARM.Deploy.0 = Release|ARM
		{E2BF1E63-AACB-4DFF-B060-22DC52D45743}.Ad-Hoc|ARM64.ActiveCfg = Release|ARM64
		{E2BF1E63-AACB-4DFF-B060-22DC52D45743}.Ad-Hoc|ARM64.Build.0 = Release|ARM64
		{E2BF1E63-AACB-4DFF-B060-22DC52D45743}.Ad-Hoc|ARM64.Deploy.0 = Release|ARM64
		{E2BF1E63-AACB-4DFF-B060-22DC52D45743}.Ad-Hoc|iPhone.ActiveCfg = Release|x86
		{E2BF1E63-AACB-4DFF-B060-22DC52D45743}.Ad-Hoc|iPhone.Build.0 = Release|x86
		{E2BF1E63-AACB-4DFF-B060-22DC52D45743}.Ad-Hoc|iPhone.Deploy.0 = Release|x86
		{E2BF1E63-AACB-4DFF-B060-22DC52D45743}.Ad-Hoc|iPhoneSimulator.ActiveCfg = Release|x86
		{E2BF1E63-AACB-4DFF-B060-22DC52D45743}.Ad-Hoc|iPhoneSimulator.Build.0 = Release|x86
		{E2BF1E63-AACB-4DFF-B060-22DC52D45743}.Ad-Hoc|iPhoneSimulator.Deploy.0 = Release|x86
		{E2BF1E63-AACB-4DFF-B060-22DC52D45743}.Ad-Hoc|x64.ActiveCfg = Release|x64
		{E2BF1E63-AACB-4DFF-B060-22DC52D45743}.Ad-Hoc|x64.Build.0 = Release|x64
		{E2BF1E63-AACB-4DFF-B060-22DC52D45743}.Ad-Hoc|x64.Deploy.0 = Release|x64
		{E2BF1E63-AACB-4DFF-B060-22DC52D45743}.Ad-Hoc|x86.ActiveCfg = Release|x86
		{E2BF1E63-AACB-4DFF-B060-22DC52D45743}.Ad-Hoc|x86.Build.0 = Release|x86
		{E2BF1E63-AACB-4DFF-B060-22DC52D45743}.Ad-Hoc|x86.Deploy.0 = Release|x86
		{E2BF1E63-AACB-4DFF-B060-22DC52D45743}.AppStore|Any CPU.ActiveCfg = Release|x86
		{E2BF1E63-AACB-4DFF-B060-22DC52D45743}.AppStore|Any CPU.Build.0 = Release|x86
		{E2BF1E63-AACB-4DFF-B060-22DC52D45743}.AppStore|Any CPU.Deploy.0 = Release|x86
		{E2BF1E63-AACB-4DFF-B060-22DC52D45743}.AppStore|ARM.ActiveCfg = Release|ARM
		{E2BF1E63-AACB-4DFF-B060-22DC52D45743}.AppStore|ARM.Build.0 = Release|ARM
		{E2BF1E63-AACB-4DFF-B060-22DC52D45743}.AppStore|ARM.Deploy.0 = Release|ARM
		{E2BF1E63-AACB-4DFF-B060-22DC52D45743}.AppStore|ARM64.ActiveCfg = Release|ARM64
		{E2BF1E63-AACB-4DFF-B060-22DC52D45743}.AppStore|ARM64.Build.0 = Release|ARM64
		{E2BF1E63-AACB-4DFF-B060-22DC52D45743}.AppStore|ARM64.Deploy.0 = Release|ARM64
		{E2BF1E63-AACB-4DFF-B060-22DC52D45743}.AppStore|iPhone.ActiveCfg = Release|x86
		{E2BF1E63-AACB-4DFF-B060-22DC52D45743}.AppStore|iPhone.Build.0 = Release|x86
		{E2BF1E63-AACB-4DFF-B060-22DC52D45743}.AppStore|iPhone.Deploy.0 = Release|x86
		{E2BF1E63-AACB-4DFF-B060-22DC52D45743}.AppStore|iPhoneSimulator.ActiveCfg = Release|x86
		{E2BF1E63-AACB-4DFF-B060-22DC52D45743}.AppStore|iPhoneSimulator.Build.0 = Release|x86
		{E2BF1E63-AACB-4DFF-B060-22DC52D45743}.AppStore|iPhoneSimulator.Deploy.0 = Release|x86
		{E2BF1E63-AACB-4DFF-B060-22DC52D45743}.AppStore|x64.ActiveCfg = Release|x64
		{E2BF1E63-AACB-4DFF-B060-22DC52D45743}.AppStore|x64.Build.0 = Release|x64
		{E2BF1E63-AACB-4DFF-B060-22DC52D45743}.AppStore|x64.Deploy.0 = Release|x64
		{E2BF1E63-AACB-4DFF-B060-22DC52D45743}.AppStore|x86.ActiveCfg = Release|x86
		{E2BF1E63-AACB-4DFF-B060-22DC52D45743}.AppStore|x86.Build.0 = Release|x86
		{E2BF1E63-AACB-4DFF-B060-22DC52D45743}.AppStore|x86.Deploy.0 = Release|x86
		{E2BF1E63-AACB-4DFF-B060-22DC52D45743}.Debug|Any CPU.ActiveCfg = Debug|x86
		{E2BF1E63-AACB-4DFF-B060-22DC52D45743}.Debug|ARM.ActiveCfg = Debug|ARM
		{E2BF1E63-AACB-4DFF-B060-22DC52D45743}.Debug|ARM.Build.0 = Debug|ARM
		{E2BF1E63-AACB-4DFF-B060-22DC52D45743}.Debug|ARM.Deploy.0 = Debug|ARM
		{E2BF1E63-AACB-4DFF-B060-22DC52D45743}.Debug|ARM64.ActiveCfg = Debug|ARM64
		{E2BF1E63-AACB-4DFF-B060-22DC52D45743}.Debug|ARM64.Build.0 = Debug|ARM64
		{E2BF1E63-AACB-4DFF-B060-22DC52D45743}.Debug|ARM64.Deploy.0 = Debug|ARM64
		{E2BF1E63-AACB-4DFF-B060-22DC52D45743}.Debug|iPhone.ActiveCfg = Debug|x86
		{E2BF1E63-AACB-4DFF-B060-22DC52D45743}.Debug|iPhoneSimulator.ActiveCfg = Debug|x86
		{E2BF1E63-AACB-4DFF-B060-22DC52D45743}.Debug|x64.ActiveCfg = Debug|x64
		{E2BF1E63-AACB-4DFF-B060-22DC52D45743}.Debug|x64.Build.0 = Debug|x64
		{E2BF1E63-AACB-4DFF-B060-22DC52D45743}.Debug|x64.Deploy.0 = Debug|x64
		{E2BF1E63-AACB-4DFF-B060-22DC52D45743}.Debug|x86.ActiveCfg = Debug|x86
		{E2BF1E63-AACB-4DFF-B060-22DC52D45743}.Debug|x86.Build.0 = Debug|x86
		{E2BF1E63-AACB-4DFF-B060-22DC52D45743}.Debug|x86.Deploy.0 = Debug|x86
		{E2BF1E63-AACB-4DFF-B060-22DC52D45743}.Release|Any CPU.ActiveCfg = Release|x86
		{E2BF1E63-AACB-4DFF-B060-22DC52D45743}.Release|ARM.ActiveCfg = Release|ARM
		{E2BF1E63-AACB-4DFF-B060-22DC52D45743}.Release|ARM.Build.0 = Release|ARM
		{E2BF1E63-AACB-4DFF-B060-22DC52D45743}.Release|ARM.Deploy.0 = Release|ARM
		{E2BF1E63-AACB-4DFF-B060-22DC52D45743}.Release|ARM64.ActiveCfg = Release|ARM64
		{E2BF1E63-AACB-4DFF-B060-22DC52D45743}.Release|ARM64.Build.0 = Release|ARM64
		{E2BF1E63-AACB-4DFF-B060-22DC52D45743}.Release|ARM64.Deploy.0 = Release|ARM64
		{E2BF1E63-AACB-4DFF-B060-22DC52D45743}.Release|iPhone.ActiveCfg = Release|x86
		{E2BF1E63-AACB-4DFF-B060-22DC52D45743}.Release|iPhoneSimulator.ActiveCfg = Release|x86
		{E2BF1E63-AACB-4DFF-B060-22DC52D45743}.Release|x64.ActiveCfg = Release|x64
		{E2BF1E63-AACB-4DFF-B060-22DC52D45743}.Release|x64.Build.0 = Release|x64
		{E2BF1E63-AACB-4DFF-B060-22DC52D45743}.Release|x64.Deploy.0 = Release|x64
		{E2BF1E63-AACB-4DFF-B060-22DC52D45743}.Release|x86.ActiveCfg = Release|x86
		{E2BF1E63-AACB-4DFF-B060-22DC52D45743}.Release|x86.Build.0 = Release|x86
		{E2BF1E63-AACB-4DFF-B060-22DC52D45743}.Release|x86.Deploy.0 = Release|x86
		{85BF84E2-8CDE-44CB-9830-234A7BD1BE7D}.Ad-Hoc|Any CPU.ActiveCfg = Release|x86
		{85BF84E2-8CDE-44CB-9830-234A7BD1BE7D}.Ad-Hoc|Any CPU.Build.0 = Release|x86
		{85BF84E2-8CDE-44CB-9830-234A7BD1BE7D}.Ad-Hoc|ARM.ActiveCfg = Release|ARM
		{85BF84E2-8CDE-44CB-9830-234A7BD1BE7D}.Ad-Hoc|ARM.Build.0 = Release|ARM
		{85BF84E2-8CDE-44CB-9830-234A7BD1BE7D}.Ad-Hoc|ARM64.ActiveCfg = Release|ARM64
		{85BF84E2-8CDE-44CB-9830-234A7BD1BE7D}.Ad-Hoc|ARM64.Build.0 = Release|ARM64
		{85BF84E2-8CDE-44CB-9830-234A7BD1BE7D}.Ad-Hoc|iPhone.ActiveCfg = Release|x86
		{85BF84E2-8CDE-44CB-9830-234A7BD1BE7D}.Ad-Hoc|iPhone.Build.0 = Release|x86
		{85BF84E2-8CDE-44CB-9830-234A7BD1BE7D}.Ad-Hoc|iPhoneSimulator.ActiveCfg = Release|x86
		{85BF84E2-8CDE-44CB-9830-234A7BD1BE7D}.Ad-Hoc|iPhoneSimulator.Build.0 = Release|x86
		{85BF84E2-8CDE-44CB-9830-234A7BD1BE7D}.Ad-Hoc|x64.ActiveCfg = Release|x64
		{85BF84E2-8CDE-44CB-9830-234A7BD1BE7D}.Ad-Hoc|x64.Build.0 = Release|x64
		{85BF84E2-8CDE-44CB-9830-234A7BD1BE7D}.Ad-Hoc|x86.ActiveCfg = Release|x86
		{85BF84E2-8CDE-44CB-9830-234A7BD1BE7D}.Ad-Hoc|x86.Build.0 = Release|x86
		{85BF84E2-8CDE-44CB-9830-234A7BD1BE7D}.AppStore|Any CPU.ActiveCfg = Release|x86
		{85BF84E2-8CDE-44CB-9830-234A7BD1BE7D}.AppStore|Any CPU.Build.0 = Release|x86
		{85BF84E2-8CDE-44CB-9830-234A7BD1BE7D}.AppStore|ARM.ActiveCfg = Release|ARM
		{85BF84E2-8CDE-44CB-9830-234A7BD1BE7D}.AppStore|ARM.Build.0 = Release|ARM
		{85BF84E2-8CDE-44CB-9830-234A7BD1BE7D}.AppStore|ARM64.ActiveCfg = Release|ARM64
		{85BF84E2-8CDE-44CB-9830-234A7BD1BE7D}.AppStore|ARM64.Build.0 = Release|ARM64
		{85BF84E2-8CDE-44CB-9830-234A7BD1BE7D}.AppStore|iPhone.ActiveCfg = Release|x86
		{85BF84E2-8CDE-44CB-9830-234A7BD1BE7D}.AppStore|iPhone.Build.0 = Release|x86
		{85BF84E2-8CDE-44CB-9830-234A7BD1BE7D}.AppStore|iPhoneSimulator.ActiveCfg = Release|x86
		{85BF84E2-8CDE-44CB-9830-234A7BD1BE7D}.AppStore|iPhoneSimulator.Build.0 = Release|x86
		{85BF84E2-8CDE-44CB-9830-234A7BD1BE7D}.AppStore|x64.ActiveCfg = Release|x64
		{85BF84E2-8CDE-44CB-9830-234A7BD1BE7D}.AppStore|x64.Build.0 = Release|x64
		{85BF84E2-8CDE-44CB-9830-234A7BD1BE7D}.AppStore|x86.ActiveCfg = Release|x86
		{85BF84E2-8CDE-44CB-9830-234A7BD1BE7D}.AppStore|x86.Build.0 = Release|x86
		{85BF84E2-8CDE-44CB-9830-234A7BD1BE7D}.Debug|Any CPU.ActiveCfg = Debug|x86
		{85BF84E2-8CDE-44CB-9830-234A7BD1BE7D}.Debug|ARM.ActiveCfg = Debug|ARM
		{85BF84E2-8CDE-44CB-9830-234A7BD1BE7D}.Debug|ARM.Build.0 = Debug|ARM
		{85BF84E2-8CDE-44CB-9830-234A7BD1BE7D}.Debug|ARM64.ActiveCfg = Debug|ARM64
		{85BF84E2-8CDE-44CB-9830-234A7BD1BE7D}.Debug|ARM64.Build.0 = Debug|ARM64
		{85BF84E2-8CDE-44CB-9830-234A7BD1BE7D}.Debug|iPhone.ActiveCfg = Debug|x86
		{85BF84E2-8CDE-44CB-9830-234A7BD1BE7D}.Debug|iPhoneSimulator.ActiveCfg = Debug|x86
		{85BF84E2-8CDE-44CB-9830-234A7BD1BE7D}.Debug|x64.ActiveCfg = Debug|x64
		{85BF84E2-8CDE-44CB-9830-234A7BD1BE7D}.Debug|x64.Build.0 = Debug|x64
		{85BF84E2-8CDE-44CB-9830-234A7BD1BE7D}.Debug|x86.ActiveCfg = Debug|x86
		{85BF84E2-8CDE-44CB-9830-234A7BD1BE7D}.Debug|x86.Build.0 = Debug|x86
		{85BF84E2-8CDE-44CB-9830-234A7BD1BE7D}.Release|Any CPU.ActiveCfg = Release|x86
		{85BF84E2-8CDE-44CB-9830-234A7BD1BE7D}.Release|ARM.ActiveCfg = Release|ARM
		{85BF84E2-8CDE-44CB-9830-234A7BD1BE7D}.Release|ARM.Build.0 = Release|ARM
		{85BF84E2-8CDE-44CB-9830-234A7BD1BE7D}.Release|ARM64.ActiveCfg = Release|ARM64
		{85BF84E2-8CDE-44CB-9830-234A7BD1BE7D}.Release|ARM64.Build.0 = Release|ARM64
		{85BF84E2-8CDE-44CB-9830-234A7BD1BE7D}.Release|iPhone.ActiveCfg = Release|x86
		{85BF84E2-8CDE-44CB-9830-234A7BD1BE7D}.Release|iPhoneSimulator.ActiveCfg = Release|x86
		{85BF84E2-8CDE-44CB-9830-234A7BD1BE7D}.Release|x64.ActiveCfg = Release|x64
		{85BF84E2-8CDE-44CB-9830-234A7BD1BE7D}.Release|x64.Build.0 = Release|x64
		{85BF84E2-8CDE-44CB-9830-234A7BD1BE7D}.Release|x86.ActiveCfg = Release|x86
		{85BF84E2-8CDE-44CB-9830-234A7BD1BE7D}.Release|x86.Build.0 = Release|x86
		{84335453-53FB-41DE-BDD0-151D3549C3B6}.Ad-Hoc|Any CPU.ActiveCfg = Release|x86
		{84335453-53FB-41DE-BDD0-151D3549C3B6}.Ad-Hoc|Any CPU.Build.0 = Release|x86
		{84335453-53FB-41DE-BDD0-151D3549C3B6}.Ad-Hoc|ARM.ActiveCfg = Release|ARM
		{84335453-53FB-41DE-BDD0-151D3549C3B6}.Ad-Hoc|ARM.Build.0 = Release|ARM
		{84335453-53FB-41DE-BDD0-151D3549C3B6}.Ad-Hoc|ARM64.ActiveCfg = Release|ARM64
		{84335453-53FB-41DE-BDD0-151D3549C3B6}.Ad-Hoc|ARM64.Build.0 = Release|ARM64
		{84335453-53FB-41DE-BDD0-151D3549C3B6}.Ad-Hoc|iPhone.ActiveCfg = Release|x86
		{84335453-53FB-41DE-BDD0-151D3549C3B6}.Ad-Hoc|iPhone.Build.0 = Release|x86
		{84335453-53FB-41DE-BDD0-151D3549C3B6}.Ad-Hoc|iPhoneSimulator.ActiveCfg = Release|x86
		{84335453-53FB-41DE-BDD0-151D3549C3B6}.Ad-Hoc|iPhoneSimulator.Build.0 = Release|x86
		{84335453-53FB-41DE-BDD0-151D3549C3B6}.Ad-Hoc|x64.ActiveCfg = Release|x64
		{84335453-53FB-41DE-BDD0-151D3549C3B6}.Ad-Hoc|x64.Build.0 = Release|x64
		{84335453-53FB-41DE-BDD0-151D3549C3B6}.Ad-Hoc|x86.ActiveCfg = Release|x86
		{84335453-53FB-41DE-BDD0-151D3549C3B6}.Ad-Hoc|x86.Build.0 = Release|x86
		{84335453-53FB-41DE-BDD0-151D3549C3B6}.AppStore|Any CPU.ActiveCfg = Release|x86
		{84335453-53FB-41DE-BDD0-151D3549C3B6}.AppStore|Any CPU.Build.0 = Release|x86
		{84335453-53FB-41DE-BDD0-151D3549C3B6}.AppStore|ARM.ActiveCfg = Release|ARM
		{84335453-53FB-41DE-BDD0-151D3549C3B6}.AppStore|ARM.Build.0 = Release|ARM
		{84335453-53FB-41DE-BDD0-151D3549C3B6}.AppStore|ARM64.ActiveCfg = Release|ARM64
		{84335453-53FB-41DE-BDD0-151D3549C3B6}.AppStore|ARM64.Build.0 = Release|ARM64
		{84335453-53FB-41DE-BDD0-151D3549C3B6}.AppStore|iPhone.ActiveCfg = Release|x86
		{84335453-53FB-41DE-BDD0-151D3549C3B6}.AppStore|iPhone.Build.0 = Release|x86
		{84335453-53FB-41DE-BDD0-151D3549C3B6}.AppStore|iPhoneSimulator.ActiveCfg = Release|x86
		{84335453-53FB-41DE-BDD0-151D3549C3B6}.AppStore|iPhoneSimulator.Build.0 = Release|x86
		{84335453-53FB-41DE-BDD0-151D3549C3B6}.AppStore|x64.ActiveCfg = Release|x64
		{84335453-53FB-41DE-BDD0-151D3549C3B6}.AppStore|x64.Build.0 = Release|x64
		{84335453-53FB-41DE-BDD0-151D3549C3B6}.AppStore|x86.ActiveCfg = Release|x86
		{84335453-53FB-41DE-BDD0-151D3549C3B6}.AppStore|x86.Build.0 = Release|x86
		{84335453-53FB-41DE-BDD0-151D3549C3B6}.Debug|Any CPU.ActiveCfg = Debug|x86
		{84335453-53FB-41DE-BDD0-151D3549C3B6}.Debug|ARM.ActiveCfg = Debug|ARM
		{84335453-53FB-41DE-BDD0-151D3549C3B6}.Debug|ARM.Build.0 = Debug|ARM
		{84335453-53FB-41DE-BDD0-151D3549C3B6}.Debug|ARM64.ActiveCfg = Debug|ARM64
		{84335453-53FB-41DE-BDD0-151D3549C3B6}.Debug|ARM64.Build.0 = Debug|ARM64
		{84335453-53FB-41DE-BDD0-151D3549C3B6}.Debug|iPhone.ActiveCfg = Debug|x86
		{84335453-53FB-41DE-BDD0-151D3549C3B6}.Debug|iPhoneSimulator.ActiveCfg = Debug|x86
		{84335453-53FB-41DE-BDD0-151D3549C3B6}.Debug|x64.ActiveCfg = Debug|x64
		{84335453-53FB-41DE-BDD0-151D3549C3B6}.Debug|x64.Build.0 = Debug|x64
		{84335453-53FB-41DE-BDD0-151D3549C3B6}.Debug|x86.ActiveCfg = Debug|x86
		{84335453-53FB-41DE-BDD0-151D3549C3B6}.Debug|x86.Build.0 = Debug|x86
		{84335453-53FB-41DE-BDD0-151D3549C3B6}.Release|Any CPU.ActiveCfg = Release|x86
		{84335453-53FB-41DE-BDD0-151D3549C3B6}.Release|ARM.ActiveCfg = Release|ARM
		{84335453-53FB-41DE-BDD0-151D3549C3B6}.Release|ARM.Build.0 = Release|ARM
		{84335453-53FB-41DE-BDD0-151D3549C3B6}.Release|ARM64.ActiveCfg = Release|ARM64
		{84335453-53FB-41DE-BDD0-151D3549C3B6}.Release|ARM64.Build.0 = Release|ARM64
		{84335453-53FB-41DE-BDD0-151D3549C3B6}.Release|iPhone.ActiveCfg = Release|x86
		{84335453-53FB-41DE-BDD0-151D3549C3B6}.Release|iPhoneSimulator.ActiveCfg = Release|x86
		{84335453-53FB-41DE-BDD0-151D3549C3B6}.Release|x64.ActiveCfg = Release|x64
		{84335453-53FB-41DE-BDD0-151D3549C3B6}.Release|x64.Build.0 = Release|x64
		{84335453-53FB-41DE-BDD0-151D3549C3B6}.Release|x86.ActiveCfg = Release|x86
		{84335453-53FB-41DE-BDD0-151D3549C3B6}.Release|x86.Build.0 = Release|x86
	EndGlobalSection
	GlobalSection(SolutionProperties) = preSolution
		HideSolutionNode = FALSE
	EndGlobalSection
	GlobalSection(NestedProjects) = preSolution
		{086CEF06-278C-4768-B936-49C932B0A5EA} = {627E822E-A09A-4BE7-BBA2-DBA8A7A3281C}
		{BCA4A77B-49BD-4247-B750-DCC2CAA1B786} = {225CF506-7675-4F0F-AF08-A263016D50FC}
		{0C887A25-2B23-4765-A7D7-0F428042E7EE} = {627E822E-A09A-4BE7-BBA2-DBA8A7A3281C}
		{E2BF1E63-AACB-4DFF-B060-22DC52D45743} = {225CF506-7675-4F0F-AF08-A263016D50FC}
		{85BF84E2-8CDE-44CB-9830-234A7BD1BE7D} = {225CF506-7675-4F0F-AF08-A263016D50FC}
		{84335453-53FB-41DE-BDD0-151D3549C3B6} = {225CF506-7675-4F0F-AF08-A263016D50FC}
	EndGlobalSection
EndGlobal
